// !$*UTF8*$!
{
	archiveVersion = 1;
	classes = {
	};
	objectVersion = 46;
	objects = {

/* Begin PBXBuildFile section */
		841390B719645CB6005958B9 /* DeckView.swift in Sources */ = {isa = PBXBuildFile; fileRef = 841390B619645CB6005958B9 /* DeckView.swift */; };
		841390B91965074D005958B9 /* AnswerDifficulty.swift in Sources */ = {isa = PBXBuildFile; fileRef = 841390B81965074D005958B9 /* AnswerDifficulty.swift */; };
		841390BB1965D18C005958B9 /* InteractType.swift in Sources */ = {isa = PBXBuildFile; fileRef = 841390BA1965D18C005958B9 /* InteractType.swift */; };
		842878E5196341B10060BDD1 /* AppDelegate.swift in Sources */ = {isa = PBXBuildFile; fileRef = 842878E4196341B10060BDD1 /* AppDelegate.swift */; };
		842878E8196341B10060BDD1 /* KanjiApp.xcdatamodeld in Sources */ = {isa = PBXBuildFile; fileRef = 842878E6196341B10060BDD1 /* KanjiApp.xcdatamodeld */; };
		842878EA196341B10060BDD1 /* GameMode.swift in Sources */ = {isa = PBXBuildFile; fileRef = 842878E9196341B10060BDD1 /* GameMode.swift */; };
		842878ED196341B10060BDD1 /* Main.storyboard in Resources */ = {isa = PBXBuildFile; fileRef = 842878EB196341B10060BDD1 /* Main.storyboard */; };
		842878EF196341B10060BDD1 /* Images.xcassets in Resources */ = {isa = PBXBuildFile; fileRef = 842878EE196341B10060BDD1 /* Images.xcassets */; };
		842878FB196341B10060BDD1 /* KanjiAppTests.swift in Sources */ = {isa = PBXBuildFile; fileRef = 842878FA196341B10060BDD1 /* KanjiAppTests.swift */; };
		846C9749196A4243001D013C /* TextReader.swift in Sources */ = {isa = PBXBuildFile; fileRef = 846C9748196A4243001D013C /* TextReader.swift */; };
		846C974B196A42A0001D013C /* CustomUIViewController.swift in Sources */ = {isa = PBXBuildFile; fileRef = 846C974A196A42A0001D013C /* CustomUIViewController.swift */; };
		84A5F61119743E31001B7404 /* EntityProperties.swift in Sources */ = {isa = PBXBuildFile; fileRef = 84A5F61019743E31001B7404 /* EntityProperties.swift */; };
		84A5F6131974418D001B7404 /* GlobalExtensions.swift in Sources */ = {isa = PBXBuildFile; fileRef = 84A5F6121974418D001B7404 /* GlobalExtensions.swift */; };
		84D6074919706508007706DE /* Settings.swift in Sources */ = {isa = PBXBuildFile; fileRef = 84D6074819706508007706DE /* Settings.swift */; };
		84D6074B197068A2007706DE /* CoreDataEntities.swift in Sources */ = {isa = PBXBuildFile; fileRef = 84D6074A197068A2007706DE /* CoreDataEntities.swift */; };
		84D6074D19706907007706DE /* StringExtensions.swift in Sources */ = {isa = PBXBuildFile; fileRef = 84D6074C19706907007706DE /* StringExtensions.swift */; };
		84D6074F1970693C007706DE /* NSMutableAttributedStringExtensions.swift in Sources */ = {isa = PBXBuildFile; fileRef = 84D6074E1970693C007706DE /* NSMutableAttributedStringExtensions.swift */; };
		84D6075119707A31007706DE /* AddFromList.swift in Sources */ = {isa = PBXBuildFile; fileRef = 84D6075019707A31007706DE /* AddFromList.swift */; };
		84EC7C1519732AF500CA9054 /* NSManagedObjectExtensions.swift in Sources */ = {isa = PBXBuildFile; fileRef = 84EC7C1419732AF500CA9054 /* NSManagedObjectExtensions.swift */; };
		84EC7C1719732B7D00CA9054 /* CardProperties.swift in Sources */ = {isa = PBXBuildFile; fileRef = 84EC7C1619732B7D00CA9054 /* CardProperties.swift */; };
		84EC7C1B19734A7800CA9054 /* SettingsProperties.swift in Sources */ = {isa = PBXBuildFile; fileRef = 84EC7C1A19734A7800CA9054 /* SettingsProperties.swift */; };
		84F3AA2B196350DB00FB7FEF /* AllCards copy.txt in Resources */ = {isa = PBXBuildFile; fileRef = 84F3AA2A196350DB00FB7FEF /* AllCards copy.txt */; };
		84F3AA2D196350E200FB7FEF /* AllCards.txt in Resources */ = {isa = PBXBuildFile; fileRef = 84F3AA2C196350E200FB7FEF /* AllCards.txt */; };
		84F3AA33196351E300FB7FEF /* Card.swift in Sources */ = {isa = PBXBuildFile; fileRef = 84F3AA32196351E300FB7FEF /* Card.swift */; };
/* End PBXBuildFile section */

/* Begin PBXContainerItemProxy section */
		842878F5196341B10060BDD1 /* PBXContainerItemProxy */ = {
			isa = PBXContainerItemProxy;
			containerPortal = 842878D7196341B10060BDD1 /* Project object */;
			proxyType = 1;
			remoteGlobalIDString = 842878DE196341B10060BDD1;
			remoteInfo = KanjiApp;
		};
/* End PBXContainerItemProxy section */

/* Begin PBXFileReference section */
		841390B619645CB6005958B9 /* DeckView.swift */ = {isa = PBXFileReference; fileEncoding = 4; lastKnownFileType = sourcecode.swift; path = DeckView.swift; sourceTree = "<group>"; };
		841390B81965074D005958B9 /* AnswerDifficulty.swift */ = {isa = PBXFileReference; fileEncoding = 4; lastKnownFileType = sourcecode.swift; path = AnswerDifficulty.swift; sourceTree = "<group>"; };
		841390BA1965D18C005958B9 /* InteractType.swift */ = {isa = PBXFileReference; fileEncoding = 4; lastKnownFileType = sourcecode.swift; path = InteractType.swift; sourceTree = "<group>"; };
		8416E4DC1969EDB00014B478 /* MyPlayground.playground */ = {isa = PBXFileReference; lastKnownFileType = file.playground; path = MyPlayground.playground; sourceTree = "<group>"; };
		842878DF196341B10060BDD1 /* KanjiApp.app */ = {isa = PBXFileReference; explicitFileType = wrapper.application; includeInIndex = 0; path = KanjiApp.app; sourceTree = BUILT_PRODUCTS_DIR; };
		842878E3196341B10060BDD1 /* Info.plist */ = {isa = PBXFileReference; lastKnownFileType = text.plist.xml; path = Info.plist; sourceTree = "<group>"; };
		842878E4196341B10060BDD1 /* AppDelegate.swift */ = {isa = PBXFileReference; lastKnownFileType = sourcecode.swift; path = AppDelegate.swift; sourceTree = "<group>"; };
		842878E7196341B10060BDD1 /* KanjiApp.xcdatamodel */ = {isa = PBXFileReference; lastKnownFileType = wrapper.xcdatamodel; path = KanjiApp.xcdatamodel; sourceTree = "<group>"; };
		842878E9196341B10060BDD1 /* GameMode.swift */ = {isa = PBXFileReference; lastKnownFileType = sourcecode.swift; path = GameMode.swift; sourceTree = "<group>"; };
		842878EC196341B10060BDD1 /* Base */ = {isa = PBXFileReference; lastKnownFileType = file.storyboard; name = Base; path = Base.lproj/Main.storyboard; sourceTree = "<group>"; };
		842878EE196341B10060BDD1 /* Images.xcassets */ = {isa = PBXFileReference; lastKnownFileType = folder.assetcatalog; path = Images.xcassets; sourceTree = "<group>"; };
		842878F4196341B10060BDD1 /* KanjiAppTests.xctest */ = {isa = PBXFileReference; explicitFileType = wrapper.cfbundle; includeInIndex = 0; path = KanjiAppTests.xctest; sourceTree = BUILT_PRODUCTS_DIR; };
		842878F9196341B10060BDD1 /* Info.plist */ = {isa = PBXFileReference; lastKnownFileType = text.plist.xml; path = Info.plist; sourceTree = "<group>"; };
		842878FA196341B10060BDD1 /* KanjiAppTests.swift */ = {isa = PBXFileReference; lastKnownFileType = sourcecode.swift; path = KanjiAppTests.swift; sourceTree = "<group>"; };
		846C9748196A4243001D013C /* TextReader.swift */ = {isa = PBXFileReference; fileEncoding = 4; lastKnownFileType = sourcecode.swift; path = TextReader.swift; sourceTree = "<group>"; };
		846C974A196A42A0001D013C /* CustomUIViewController.swift */ = {isa = PBXFileReference; fileEncoding = 4; lastKnownFileType = sourcecode.swift; path = CustomUIViewController.swift; sourceTree = "<group>"; };
		84A5F61019743E31001B7404 /* EntityProperties.swift */ = {isa = PBXFileReference; fileEncoding = 4; lastKnownFileType = sourcecode.swift; path = EntityProperties.swift; sourceTree = "<group>"; };
		84A5F6121974418D001B7404 /* GlobalExtensions.swift */ = {isa = PBXFileReference; fileEncoding = 4; lastKnownFileType = sourcecode.swift; path = GlobalExtensions.swift; sourceTree = "<group>"; };
		84D6074819706508007706DE /* Settings.swift */ = {isa = PBXFileReference; fileEncoding = 4; lastKnownFileType = sourcecode.swift; path = Settings.swift; sourceTree = "<group>"; };
		84D6074A197068A2007706DE /* CoreDataEntities.swift */ = {isa = PBXFileReference; fileEncoding = 4; lastKnownFileType = sourcecode.swift; path = CoreDataEntities.swift; sourceTree = "<group>"; };
		84D6074C19706907007706DE /* StringExtensions.swift */ = {isa = PBXFileReference; fileEncoding = 4; lastKnownFileType = sourcecode.swift; path = StringExtensions.swift; sourceTree = "<group>"; };
		84D6074E1970693C007706DE /* NSMutableAttributedStringExtensions.swift */ = {isa = PBXFileReference; fileEncoding = 4; lastKnownFileType = sourcecode.swift; path = NSMutableAttributedStringExtensions.swift; sourceTree = "<group>"; };
		84D6075019707A31007706DE /* AddFromList.swift */ = {isa = PBXFileReference; fileEncoding = 4; lastKnownFileType = sourcecode.swift; path = AddFromList.swift; sourceTree = "<group>"; };
		84EC7C1419732AF500CA9054 /* NSManagedObjectExtensions.swift */ = {isa = PBXFileReference; fileEncoding = 4; lastKnownFileType = sourcecode.swift; path = NSManagedObjectExtensions.swift; sourceTree = "<group>"; };
		84EC7C1619732B7D00CA9054 /* CardProperties.swift */ = {isa = PBXFileReference; fileEncoding = 4; lastKnownFileType = sourcecode.swift; path = CardProperties.swift; sourceTree = "<group>"; };
		84EC7C1A19734A7800CA9054 /* SettingsProperties.swift */ = {isa = PBXFileReference; fileEncoding = 4; lastKnownFileType = sourcecode.swift; path = SettingsProperties.swift; sourceTree = "<group>"; };
		84F3AA2A196350DB00FB7FEF /* AllCards copy.txt */ = {isa = PBXFileReference; fileEncoding = 4; lastKnownFileType = text; path = "AllCards copy.txt"; sourceTree = "<group>"; };
		84F3AA2C196350E200FB7FEF /* AllCards.txt */ = {isa = PBXFileReference; fileEncoding = 4; lastKnownFileType = text; path = AllCards.txt; sourceTree = "<group>"; };
		84F3AA32196351E300FB7FEF /* Card.swift */ = {isa = PBXFileReference; fileEncoding = 4; lastKnownFileType = sourcecode.swift; path = Card.swift; sourceTree = "<group>"; };
/* End PBXFileReference section */

/* Begin PBXFrameworksBuildPhase section */
		842878DC196341B10060BDD1 /* Frameworks */ = {
			isa = PBXFrameworksBuildPhase;
			buildActionMask = 2147483647;
			files = (
			);
			runOnlyForDeploymentPostprocessing = 0;
		};
		842878F1196341B10060BDD1 /* Frameworks */ = {
			isa = PBXFrameworksBuildPhase;
			buildActionMask = 2147483647;
			files = (
			);
			runOnlyForDeploymentPostprocessing = 0;
		};
/* End PBXFrameworksBuildPhase section */

/* Begin PBXGroup section */
		842878D6196341B10060BDD1 = {
			isa = PBXGroup;
			children = (
				842878E1196341B10060BDD1 /* KanjiApp */,
				842878F7196341B10060BDD1 /* KanjiAppTests */,
				842878E0196341B10060BDD1 /* Products */,
			);
			sourceTree = "<group>";
		};
		842878E0196341B10060BDD1 /* Products */ = {
			isa = PBXGroup;
			children = (
				842878DF196341B10060BDD1 /* KanjiApp.app */,
				842878F4196341B10060BDD1 /* KanjiAppTests.xctest */,
			);
			name = Products;
			sourceTree = "<group>";
		};
		842878E1196341B10060BDD1 /* KanjiApp */ = {
			isa = PBXGroup;
			children = (
				84EC7C1919734A0700CA9054 /* ManagedObject */,
				84EC7C181973495200CA9054 /* Views */,
				846C974C196A435B001D013C /* Enums */,
				84F3AA2C196350E200FB7FEF /* AllCards.txt */,
				84F3AA2A196350DB00FB7FEF /* AllCards copy.txt */,
				842878E4196341B10060BDD1 /* AppDelegate.swift */,
				8416E4DC1969EDB00014B478 /* MyPlayground.playground */,
				842878EB196341B10060BDD1 /* Main.storyboard */,
				842878EE196341B10060BDD1 /* Images.xcassets */,
				842878E6196341B10060BDD1 /* KanjiApp.xcdatamodeld */,
				842878E2196341B10060BDD1 /* Supporting Files */,
				84D6074C19706907007706DE /* StringExtensions.swift */,
				84D6074E1970693C007706DE /* NSMutableAttributedStringExtensions.swift */,
			);
			path = KanjiApp;
			sourceTree = "<group>";
		};
		842878E2196341B10060BDD1 /* Supporting Files */ = {
			isa = PBXGroup;
			children = (
				842878E3196341B10060BDD1 /* Info.plist */,
			);
			name = "Supporting Files";
			sourceTree = "<group>";
		};
		842878F7196341B10060BDD1 /* KanjiAppTests */ = {
			isa = PBXGroup;
			children = (
				842878FA196341B10060BDD1 /* KanjiAppTests.swift */,
				842878F8196341B10060BDD1 /* Supporting Files */,
			);
			path = KanjiAppTests;
			sourceTree = "<group>";
		};
		842878F8196341B10060BDD1 /* Supporting Files */ = {
			isa = PBXGroup;
			children = (
				842878F9196341B10060BDD1 /* Info.plist */,
			);
			name = "Supporting Files";
			sourceTree = "<group>";
		};
		846C974C196A435B001D013C /* Enums */ = {
			isa = PBXGroup;
			children = (
				841390B81965074D005958B9 /* AnswerDifficulty.swift */,
				841390BA1965D18C005958B9 /* InteractType.swift */,
			);
			name = Enums;
			sourceTree = "<group>";
		};
		84EC7C181973495200CA9054 /* Views */ = {
			isa = PBXGroup;
			children = (
				846C974A196A42A0001D013C /* CustomUIViewController.swift */,
				842878E9196341B10060BDD1 /* GameMode.swift */,
				84D6075019707A31007706DE /* AddFromList.swift */,
				841390B619645CB6005958B9 /* DeckView.swift */,
				846C9748196A4243001D013C /* TextReader.swift */,
			);
			name = Views;
			sourceTree = "<group>";
		};
		84EC7C1919734A0700CA9054 /* ManagedObject */ = {
			isa = PBXGroup;
			children = (
				84EC7C1419732AF500CA9054 /* NSManagedObjectExtensions.swift */,
				84EC7C1619732B7D00CA9054 /* CardProperties.swift */,
				84D6074819706508007706DE /* Settings.swift */,
				84D6074A197068A2007706DE /* CoreDataEntities.swift */,
				84F3AA32196351E300FB7FEF /* Card.swift */,
				84EC7C1A19734A7800CA9054 /* SettingsProperties.swift */,
				84A5F61019743E31001B7404 /* EntityProperties.swift */,
				84A5F6121974418D001B7404 /* GlobalExtensions.swift */,
			);
			name = ManagedObject;
			sourceTree = "<group>";
		};
/* End PBXGroup section */

/* Begin PBXNativeTarget section */
		842878DE196341B10060BDD1 /* KanjiApp */ = {
			isa = PBXNativeTarget;
			buildConfigurationList = 842878FE196341B10060BDD1 /* Build configuration list for PBXNativeTarget "KanjiApp" */;
			buildPhases = (
				842878DB196341B10060BDD1 /* Sources */,
				842878DC196341B10060BDD1 /* Frameworks */,
				842878DD196341B10060BDD1 /* Resources */,
			);
			buildRules = (
			);
			dependencies = (
			);
			name = KanjiApp;
			productName = KanjiApp;
			productReference = 842878DF196341B10060BDD1 /* KanjiApp.app */;
			productType = "com.apple.product-type.application";
		};
		842878F3196341B10060BDD1 /* KanjiAppTests */ = {
			isa = PBXNativeTarget;
			buildConfigurationList = 84287901196341B10060BDD1 /* Build configuration list for PBXNativeTarget "KanjiAppTests" */;
			buildPhases = (
				842878F0196341B10060BDD1 /* Sources */,
				842878F1196341B10060BDD1 /* Frameworks */,
				842878F2196341B10060BDD1 /* Resources */,
			);
			buildRules = (
			);
			dependencies = (
				842878F6196341B10060BDD1 /* PBXTargetDependency */,
			);
			name = KanjiAppTests;
			productName = KanjiAppTests;
			productReference = 842878F4196341B10060BDD1 /* KanjiAppTests.xctest */;
			productType = "com.apple.product-type.bundle.unit-test";
		};
/* End PBXNativeTarget section */

/* Begin PBXProject section */
		842878D7196341B10060BDD1 /* Project object */ = {
			isa = PBXProject;
			attributes = {
				LastUpgradeCheck = 0600;
				ORGANIZATIONNAME = Sky;
				TargetAttributes = {
					842878DE196341B10060BDD1 = {
						CreatedOnToolsVersion = 6.0;
						DevelopmentTeam = LYBRTWMNLH;
					};
					842878F3196341B10060BDD1 = {
						CreatedOnToolsVersion = 6.0;
						TestTargetID = 842878DE196341B10060BDD1;
					};
				};
			};
			buildConfigurationList = 842878DA196341B10060BDD1 /* Build configuration list for PBXProject "KanjiApp" */;
			compatibilityVersion = "Xcode 3.2";
			developmentRegion = English;
			hasScannedForEncodings = 0;
			knownRegions = (
				en,
				Base,
			);
			mainGroup = 842878D6196341B10060BDD1;
			productRefGroup = 842878E0196341B10060BDD1 /* Products */;
			projectDirPath = "";
			projectRoot = "";
			targets = (
				842878DE196341B10060BDD1 /* KanjiApp */,
				842878F3196341B10060BDD1 /* KanjiAppTests */,
			);
		};
/* End PBXProject section */

/* Begin PBXResourcesBuildPhase section */
		842878DD196341B10060BDD1 /* Resources */ = {
			isa = PBXResourcesBuildPhase;
			buildActionMask = 2147483647;
			files = (
				84F3AA2D196350E200FB7FEF /* AllCards.txt in Resources */,
				84F3AA2B196350DB00FB7FEF /* AllCards copy.txt in Resources */,
				842878ED196341B10060BDD1 /* Main.storyboard in Resources */,
				842878EF196341B10060BDD1 /* Images.xcassets in Resources */,
			);
			runOnlyForDeploymentPostprocessing = 0;
		};
		842878F2196341B10060BDD1 /* Resources */ = {
			isa = PBXResourcesBuildPhase;
			buildActionMask = 2147483647;
			files = (
			);
			runOnlyForDeploymentPostprocessing = 0;
		};
/* End PBXResourcesBuildPhase section */

/* Begin PBXSourcesBuildPhase section */
		842878DB196341B10060BDD1 /* Sources */ = {
			isa = PBXSourcesBuildPhase;
			buildActionMask = 2147483647;
			files = (
				84D6074D19706907007706DE /* StringExtensions.swift in Sources */,
				84D6074B197068A2007706DE /* CoreDataEntities.swift in Sources */,
				841390B91965074D005958B9 /* AnswerDifficulty.swift in Sources */,
				842878EA196341B10060BDD1 /* GameMode.swift in Sources */,
				84F3AA33196351E300FB7FEF /* Card.swift in Sources */,
				846C9749196A4243001D013C /* TextReader.swift in Sources */,
				84EC7C1719732B7D00CA9054 /* CardProperties.swift in Sources */,
				84D6074919706508007706DE /* Settings.swift in Sources */,
				842878E5196341B10060BDD1 /* AppDelegate.swift in Sources */,
				842878E8196341B10060BDD1 /* KanjiApp.xcdatamodeld in Sources */,
				84D6074F1970693C007706DE /* NSMutableAttributedStringExtensions.swift in Sources */,
				841390B719645CB6005958B9 /* DeckView.swift in Sources */,
				841390BB1965D18C005958B9 /* InteractType.swift in Sources */,
				846C974B196A42A0001D013C /* CustomUIViewController.swift in Sources */,
				84A5F6131974418D001B7404 /* GlobalExtensions.swift in Sources */,
				84EC7C1B19734A7800CA9054 /* SettingsProperties.swift in Sources */,
				84A5F61119743E31001B7404 /* EntityProperties.swift in Sources */,
				84D6075119707A31007706DE /* AddFromList.swift in Sources */,
				84EC7C1519732AF500CA9054 /* NSManagedObjectExtensions.swift in Sources */,
			);
			runOnlyForDeploymentPostprocessing = 0;
		};
		842878F0196341B10060BDD1 /* Sources */ = {
			isa = PBXSourcesBuildPhase;
			buildActionMask = 2147483647;
			files = (
				842878FB196341B10060BDD1 /* KanjiAppTests.swift in Sources */,
			);
			runOnlyForDeploymentPostprocessing = 0;
		};
/* End PBXSourcesBuildPhase section */

/* Begin PBXTargetDependency section */
		842878F6196341B10060BDD1 /* PBXTargetDependency */ = {
			isa = PBXTargetDependency;
			target = 842878DE196341B10060BDD1 /* KanjiApp */;
			targetProxy = 842878F5196341B10060BDD1 /* PBXContainerItemProxy */;
		};
/* End PBXTargetDependency section */

/* Begin PBXVariantGroup section */
		842878EB196341B10060BDD1 /* Main.storyboard */ = {
			isa = PBXVariantGroup;
			children = (
				842878EC196341B10060BDD1 /* Base */,
			);
			name = Main.storyboard;
			sourceTree = "<group>";
		};
/* End PBXVariantGroup section */

/* Begin XCBuildConfiguration section */
		842878FC196341B10060BDD1 /* Debug */ = {
			isa = XCBuildConfiguration;
			buildSettings = {
				ALWAYS_SEARCH_USER_PATHS = NO;
				CLANG_CXX_LANGUAGE_STANDARD = "gnu++0x";
				CLANG_CXX_LIBRARY = "libc++";
				CLANG_ENABLE_MODULES = YES;
				CLANG_ENABLE_OBJC_ARC = YES;
				CLANG_WARN_BOOL_CONVERSION = YES;
				CLANG_WARN_CONSTANT_CONVERSION = YES;
				CLANG_WARN_DIRECT_OBJC_ISA_USAGE = YES_ERROR;
				CLANG_WARN_EMPTY_BODY = YES;
				CLANG_WARN_ENUM_CONVERSION = YES;
				CLANG_WARN_INT_CONVERSION = YES;
				CLANG_WARN_OBJC_ROOT_CLASS = YES_ERROR;
				CLANG_WARN_UNREACHABLE_CODE = YES;
				CLANG_WARN__DUPLICATE_METHOD_MATCH = YES;
				"CODE_SIGN_IDENTITY[sdk=iphoneos*]" = "iPhone Developer";
				COPY_PHASE_STRIP = NO;
				ENABLE_STRICT_OBJC_MSGSEND = YES;
				GCC_C_LANGUAGE_STANDARD = gnu99;
				GCC_DYNAMIC_NO_PIC = NO;
				GCC_OPTIMIZATION_LEVEL = 0;
				GCC_PREPROCESSOR_DEFINITIONS = (
					"DEBUG=1",
					"$(inherited)",
				);
				GCC_SYMBOLS_PRIVATE_EXTERN = NO;
				GCC_WARN_64_TO_32_BIT_CONVERSION = YES;
				GCC_WARN_ABOUT_RETURN_TYPE = YES_ERROR;
				GCC_WARN_UNDECLARED_SELECTOR = YES;
				GCC_WARN_UNINITIALIZED_AUTOS = YES_AGGRESSIVE;
				GCC_WARN_UNUSED_FUNCTION = YES;
				GCC_WARN_UNUSED_VARIABLE = YES;
				IPHONEOS_DEPLOYMENT_TARGET = 8.0;
				METAL_ENABLE_DEBUG_INFO = YES;
				ONLY_ACTIVE_ARCH = YES;
				SDKROOT = iphoneos;
				SWIFT_OPTIMIZATION_LEVEL = "-Onone";
				TARGETED_DEVICE_FAMILY = "1,2";
			};
			name = Debug;
		};
		842878FD196341B10060BDD1 /* Release */ = {
			isa = XCBuildConfiguration;
			buildSettings = {
				ALWAYS_SEARCH_USER_PATHS = NO;
				CLANG_CXX_LANGUAGE_STANDARD = "gnu++0x";
				CLANG_CXX_LIBRARY = "libc++";
				CLANG_ENABLE_MODULES = YES;
				CLANG_ENABLE_OBJC_ARC = YES;
				CLANG_WARN_BOOL_CONVERSION = YES;
				CLANG_WARN_CONSTANT_CONVERSION = YES;
				CLANG_WARN_DIRECT_OBJC_ISA_USAGE = YES_ERROR;
				CLANG_WARN_EMPTY_BODY = YES;
				CLANG_WARN_ENUM_CONVERSION = YES;
				CLANG_WARN_INT_CONVERSION = YES;
				CLANG_WARN_OBJC_ROOT_CLASS = YES_ERROR;
				CLANG_WARN_UNREACHABLE_CODE = YES;
				CLANG_WARN__DUPLICATE_METHOD_MATCH = YES;
				"CODE_SIGN_IDENTITY[sdk=iphoneos*]" = "iPhone Developer";
				COPY_PHASE_STRIP = YES;
				ENABLE_NS_ASSERTIONS = NO;
				ENABLE_STRICT_OBJC_MSGSEND = YES;
				GCC_C_LANGUAGE_STANDARD = gnu99;
				GCC_WARN_64_TO_32_BIT_CONVERSION = YES;
				GCC_WARN_ABOUT_RETURN_TYPE = YES_ERROR;
				GCC_WARN_UNDECLARED_SELECTOR = YES;
				GCC_WARN_UNINITIALIZED_AUTOS = YES_AGGRESSIVE;
				GCC_WARN_UNUSED_FUNCTION = YES;
				GCC_WARN_UNUSED_VARIABLE = YES;
				IPHONEOS_DEPLOYMENT_TARGET = 8.0;
				METAL_ENABLE_DEBUG_INFO = NO;
				SDKROOT = iphoneos;
				TARGETED_DEVICE_FAMILY = "1,2";
				VALIDATE_PRODUCT = YES;
			};
			name = Release;
		};
		842878FF196341B10060BDD1 /* Debug */ = {
			isa = XCBuildConfiguration;
			buildSettings = {
				ASSETCATALOG_COMPILER_APPICON_NAME = AppIcon;
				ASSETCATALOG_COMPILER_LAUNCHIMAGE_NAME = LaunchImage;
				INFOPLIST_FILE = KanjiApp/Info.plist;
				LD_RUNPATH_SEARCH_PATHS = "$(inherited) @executable_path/Frameworks";
				PRODUCT_NAME = "$(TARGET_NAME)";
			};
			name = Debug;
		};
		84287900196341B10060BDD1 /* Release */ = {
			isa = XCBuildConfiguration;
			buildSettings = {
				ASSETCATALOG_COMPILER_APPICON_NAME = AppIcon;
				ASSETCATALOG_COMPILER_LAUNCHIMAGE_NAME = LaunchImage;
				INFOPLIST_FILE = KanjiApp/Info.plist;
				LD_RUNPATH_SEARCH_PATHS = "$(inherited) @executable_path/Frameworks";
				PRODUCT_NAME = "$(TARGET_NAME)";
			};
			name = Release;
		};
		84287902196341B10060BDD1 /* Debug */ = {
			isa = XCBuildConfiguration;
			buildSettings = {
				BUNDLE_LOADER = "$(BUILT_PRODUCTS_DIR)/KanjiApp.app/KanjiApp";
				FRAMEWORK_SEARCH_PATHS = (
					"$(SDKROOT)/Developer/Library/Frameworks",
					"$(inherited)",
				);
				GCC_PREPROCESSOR_DEFINITIONS = (
					"DEBUG=1",
					"$(inherited)",
				);
				INFOPLIST_FILE = KanjiAppTests/Info.plist;
				LD_RUNPATH_SEARCH_PATHS = "$(inherited) @executable_path/Frameworks @loader_path/Frameworks";
				METAL_ENABLE_DEBUG_INFO = YES;
				PRODUCT_NAME = "$(TARGET_NAME)";
				TEST_HOST = "$(BUNDLE_LOADER)";
			};
			name = Debug;
		};
		84287903196341B10060BDD1 /* Release */ = {
			isa = XCBuildConfiguration;
			buildSettings = {
				BUNDLE_LOADER = "$(BUILT_PRODUCTS_DIR)/KanjiApp.app/KanjiApp";
				FRAMEWORK_SEARCH_PATHS = (
					"$(SDKROOT)/Developer/Library/Frameworks",
					"$(inherited)",
				);
				INFOPLIST_FILE = KanjiAppTests/Info.plist;
				LD_RUNPATH_SEARCH_PATHS = "$(inherited) @executable_path/Frameworks @loader_path/Frameworks";
				METAL_ENABLE_DEBUG_INFO = NO;
				PRODUCT_NAME = "$(TARGET_NAME)";
				TEST_HOST = "$(BUNDLE_LOADER)";
			};
			name = Release;
		};
/* End XCBuildConfiguration section */

/* Begin XCConfigurationList section */
		842878DA196341B10060BDD1 /* Build configuration list for PBXProject "KanjiApp" */ = {
			isa = XCConfigurationList;
			buildConfigurations = (
				842878FC196341B10060BDD1 /* Debug */,
				842878FD196341B10060BDD1 /* Release */,
			);
			defaultConfigurationIsVisible = 0;
			defaultConfigurationName = Release;
		};
		842878FE196341B10060BDD1 /* Build configuration list for PBXNativeTarget "KanjiApp" */ = {
			isa = XCConfigurationList;
			buildConfigurations = (
				842878FF196341B10060BDD1 /* Debug */,
				84287900196341B10060BDD1 /* Release */,
			);
			defaultConfigurationIsVisible = 0;
			defaultConfigurationName = Release;
		};
		84287901196341B10060BDD1 /* Build configuration list for PBXNativeTarget "KanjiAppTests" */ = {
			isa = XCConfigurationList;
			buildConfigurations = (
				84287902196341B10060BDD1 /* Debug */,
				84287903196341B10060BDD1 /* Release */,
			);
			defaultConfigurationIsVisible = 0;
			defaultConfigurationName = Release;
		};
/* End XCConfigurationList section */

/* Begin XCVersionGroup section */
		842878E6196341B10060BDD1 /* KanjiApp.xcdatamodeld */ = {
			isa = XCVersionGroup;
			children = (
				842878E7196341B10060BDD1 /* KanjiApp.xcdatamodel */,
			);
			currentVersion = 842878E7196341B10060BDD1 /* KanjiApp.xcdatamodel */;
			path = KanjiApp.xcdatamodeld;
			sourceTree = "<group>";
			versionGroupType = wrapper.xcdatamodel;
		};
/* End XCVersionGroup section */
	};
	rootObject = 842878D7196341B10060BDD1 /* Project object */;
}
