// !$*UTF8*$!
{
	archiveVersion = 1;
	classes = {
	};
	objectVersion = 46;
	objects = {

/* Begin PBXBuildFile section */
		84010BD5199F78A400138572 /* CardPropertiesSidebar.swift in Sources */ = {isa = PBXBuildFile; fileRef = 84010BD4199F78A400138572 /* CardPropertiesSidebar.swift */; };
		84010BD7199F904700138572 /* CardPropertiesEdit.swift in Sources */ = {isa = PBXBuildFile; fileRef = 84010BD6199F904700138572 /* CardPropertiesEdit.swift */; };
		84010BD9199F90C100138572 /* CardPropertiesType.swift in Sources */ = {isa = PBXBuildFile; fileRef = 84010BD8199F90C100138572 /* CardPropertiesType.swift */; };
		841390B719645CB6005958B9 /* Lists.swift in Sources */ = {isa = PBXBuildFile; fileRef = 841390B619645CB6005958B9 /* Lists.swift */; };
		841390B91965074D005958B9 /* AnswerDifficulty.swift in Sources */ = {isa = PBXBuildFile; fileRef = 841390B81965074D005958B9 /* AnswerDifficulty.swift */; };
		841390BB1965D18C005958B9 /* InteractType.swift in Sources */ = {isa = PBXBuildFile; fileRef = 841390BA1965D18C005958B9 /* InteractType.swift */; };
		841D07D919804ACA00FBDB18 /* RootMenu.swift in Sources */ = {isa = PBXBuildFile; fileRef = 841D07D819804ACA00FBDB18 /* RootMenu.swift */; };
		842878E5196341B10060BDD1 /* AppDelegate.swift in Sources */ = {isa = PBXBuildFile; fileRef = 842878E4196341B10060BDD1 /* AppDelegate.swift */; };
		842878E8196341B10060BDD1 /* KanjiApp.xcdatamodeld in Sources */ = {isa = PBXBuildFile; fileRef = 842878E6196341B10060BDD1 /* KanjiApp.xcdatamodeld */; };
		842878EA196341B10060BDD1 /* GameMode.swift in Sources */ = {isa = PBXBuildFile; fileRef = 842878E9196341B10060BDD1 /* GameMode.swift */; };
		842878ED196341B10060BDD1 /* Main.storyboard in Resources */ = {isa = PBXBuildFile; fileRef = 842878EB196341B10060BDD1 /* Main.storyboard */; };
		842878EF196341B10060BDD1 /* Images.xcassets in Resources */ = {isa = PBXBuildFile; fileRef = 842878EE196341B10060BDD1 /* Images.xcassets */; };
		842878FB196341B10060BDD1 /* KanjiAppTests.swift in Sources */ = {isa = PBXBuildFile; fileRef = 842878FA196341B10060BDD1 /* KanjiAppTests.swift */; };
		842B02081980D75F00B5F533 /* View.swift in Sources */ = {isa = PBXBuildFile; fileRef = 842B02071980D75F00B5F533 /* View.swift */; };
		842B020C19817E5000B5F533 /* Search.swift in Sources */ = {isa = PBXBuildFile; fileRef = 842B020B19817E5000B5F533 /* Search.swift */; };
		842B020E1981828600B5F533 /* DiscoverLabel.swift in Sources */ = {isa = PBXBuildFile; fileRef = 842B020D1981828600B5F533 /* DiscoverLabel.swift */; };
		842B02101981D6B600B5F533 /* discoverBarFade.png in Resources */ = {isa = PBXBuildFile; fileRef = 842B020F1981D6B200B5F533 /* discoverBarFade.png */; };
		842B02121981F56700B5F533 /* discoverBottomFade.png in Resources */ = {isa = PBXBuildFile; fileRef = 842B02111981F56400B5F533 /* discoverBottomFade.png */; };
		84563510199F40E90033B2BD /* EdgeReveal.swift in Sources */ = {isa = PBXBuildFile; fileRef = 8456350F199F40E90033B2BD /* EdgeReveal.swift */; };
		84603D6A19A088BC00F45A32 /* CustomUITextView.swift in Sources */ = {isa = PBXBuildFile; fileRef = 84603D6919A088BC00F45A32 /* CustomUITextView.swift */; };
		846C9749196A4243001D013C /* TextReader.swift in Sources */ = {isa = PBXBuildFile; fileRef = 846C9748196A4243001D013C /* TextReader.swift */; };
		846C974B196A42A0001D013C /* CustomUIViewController.swift in Sources */ = {isa = PBXBuildFile; fileRef = 846C974A196A42A0001D013C /* CustomUIViewController.swift */; };
		846E80E319B454590028EDB8 /* studyIcon.png in Resources */ = {isa = PBXBuildFile; fileRef = 846E80E219B454580028EDB8 /* studyIcon.png */; };
		846E80E519B58D7E0028EDB8 /* hamburgerIcon2.png in Resources */ = {isa = PBXBuildFile; fileRef = 846E80E419B58D7D0028EDB8 /* hamburgerIcon2.png */; };
		846E80ED19B59FF20028EDB8 /* goverment.png in Resources */ = {isa = PBXBuildFile; fileRef = 846E80E819B59FEC0028EDB8 /* goverment.png */; };
		846E80EE19B59FF20028EDB8 /* pencil.png in Resources */ = {isa = PBXBuildFile; fileRef = 846E80E919B59FED0028EDB8 /* pencil.png */; };
		846E80EF19B59FF20028EDB8 /* search.png in Resources */ = {isa = PBXBuildFile; fileRef = 846E80EA19B59FEE0028EDB8 /* search.png */; };
		846E80F019B59FF20028EDB8 /* soccerball.png in Resources */ = {isa = PBXBuildFile; fileRef = 846E80EB19B59FEF0028EDB8 /* soccerball.png */; };
		846E80F119B59FF20028EDB8 /* taskList in Resources */ = {isa = PBXBuildFile; fileRef = 846E80EC19B59FF00028EDB8 /* taskList */; };
		846E80F319B5A6140028EDB8 /* listBox in Resources */ = {isa = PBXBuildFile; fileRef = 846E80F219B5A6130028EDB8 /* listBox */; };
		8478FBD719C485EC00A826C8 /* infoButton.png in Resources */ = {isa = PBXBuildFile; fileRef = 8478FBD619C485EC00A826C8 /* infoButton.png */; };
		8478FBDB19C546E700A826C8 /* sidebarBk in Resources */ = {isa = PBXBuildFile; fileRef = 8478FBDA19C546E700A826C8 /* sidebarBk */; };
		8478FBDF19C8643600A826C8 /* KanjiApp.sqlite in Resources */ = {isa = PBXBuildFile; fileRef = 8478FBDC19C8643600A826C8 /* KanjiApp.sqlite */; };
		8478FBE019C8643600A826C8 /* KanjiApp.sqlite-shm in Resources */ = {isa = PBXBuildFile; fileRef = 8478FBDD19C8643600A826C8 /* KanjiApp.sqlite-shm */; };
		8478FBE119C8643600A826C8 /* KanjiApp.sqlite-wal in Resources */ = {isa = PBXBuildFile; fileRef = 8478FBDE19C8643600A826C8 /* KanjiApp.sqlite-wal */; };
		847B181E19A9AC0700F5A798 /* NSString+RomajiKanaConvert.m in Sources */ = {isa = PBXBuildFile; fileRef = 847B181919A9AC0700F5A798 /* NSString+RomajiKanaConvert.m */; };
		847B181F19A9AC0700F5A798 /* PaRomajiKanaConverter.m in Sources */ = {isa = PBXBuildFile; fileRef = 847B181B19A9AC0700F5A798 /* PaRomajiKanaConverter.m */; };
		847B182019A9AC0700F5A798 /* PaRomajiKanaConverterTest.m in Sources */ = {isa = PBXBuildFile; fileRef = 847B181D19A9AC0700F5A798 /* PaRomajiKanaConverterTest.m */; };
		8494F3E119BF0F5200833ACE /* AnimationState.swift in Sources */ = {isa = PBXBuildFile; fileRef = 8494F3E019BF0F5200833ACE /* AnimationState.swift */; };
		8494F3E319C0308000833ACE /* SettingsTableView.swift in Sources */ = {isa = PBXBuildFile; fileRef = 8494F3E219C0308000833ACE /* SettingsTableView.swift */; };
		8495BB89198B2C1C0077D8CE /* TextToken.swift in Sources */ = {isa = PBXBuildFile; fileRef = 8495BB88198B2C1C0077D8CE /* TextToken.swift */; };
		8495BB8C1994F9D50077D8CE /* Container.swift in Sources */ = {isa = PBXBuildFile; fileRef = 8495BB8B1994F9D50077D8CE /* Container.swift */; };
		8495BB8E1995B8700077D8CE /* Notification.swift in Sources */ = {isa = PBXBuildFile; fileRef = 8495BB8D1995B8700077D8CE /* Notification.swift */; };
		849999A2198333040050226F /* AddWordsList.swift in Sources */ = {isa = PBXBuildFile; fileRef = 849999A1198333040050226F /* AddWordsList.swift */; };
		849999A41983336E0050226F /* WordList.swift in Sources */ = {isa = PBXBuildFile; fileRef = 849999A31983336E0050226F /* WordList.swift */; };
		849DA4B7197A08C4004ED365 /* SettingsView.swift in Sources */ = {isa = PBXBuildFile; fileRef = 849DA4B6197A08C4004ED365 /* SettingsView.swift */; };
		84A5F61119743E31001B7404 /* EntityProperties.swift in Sources */ = {isa = PBXBuildFile; fileRef = 84A5F61019743E31001B7404 /* EntityProperties.swift */; };
		84A5F6131974418D001B7404 /* NSManagedObjectContextExtension.swift in Sources */ = {isa = PBXBuildFile; fileRef = 84A5F6121974418D001B7404 /* NSManagedObjectContextExtension.swift */; };
		84B96196199C7265008A5E2F /* CardsFinished.swift in Sources */ = {isa = PBXBuildFile; fileRef = 84B96195199C7265008A5E2F /* CardsFinished.swift */; };
		84B96198199CBF37008A5E2F /* ClickableArea.swift in Sources */ = {isa = PBXBuildFile; fileRef = 84B96197199CBF37008A5E2F /* ClickableArea.swift */; };
		84B9619E199CD1DA008A5E2F /* CardData.swift in Sources */ = {isa = PBXBuildFile; fileRef = 84B9619D199CD1DA008A5E2F /* CardData.swift */; };
		84B961A0199CF38D008A5E2F /* DiscoverLabelData.swift in Sources */ = {isa = PBXBuildFile; fileRef = 84B9619F199CF38D008A5E2F /* DiscoverLabelData.swift */; };
		84CA558519859A1B00F62A68 /* DefinitionPopover.swift in Sources */ = {isa = PBXBuildFile; fileRef = 84CA558419859A1B00F62A68 /* DefinitionPopover.swift */; };
		84D6074919706508007706DE /* Settings.swift in Sources */ = {isa = PBXBuildFile; fileRef = 84D6074819706508007706DE /* Settings.swift */; };
		84D6074B197068A2007706DE /* CoreDataEntities.swift in Sources */ = {isa = PBXBuildFile; fileRef = 84D6074A197068A2007706DE /* CoreDataEntities.swift */; };
		84D6074D19706907007706DE /* StringExtensions.swift in Sources */ = {isa = PBXBuildFile; fileRef = 84D6074C19706907007706DE /* StringExtensions.swift */; };
		84D6074F1970693C007706DE /* NSMutableAttributedStringExtensions.swift in Sources */ = {isa = PBXBuildFile; fileRef = 84D6074E1970693C007706DE /* NSMutableAttributedStringExtensions.swift */; };
		84D6075119707A31007706DE /* AddWords.swift in Sources */ = {isa = PBXBuildFile; fileRef = 84D6075019707A31007706DE /* AddWords.swift */; };
		84D88DBB19C95DBD0079ED8B /* icon-29x1.png in Resources */ = {isa = PBXBuildFile; fileRef = 84D88DB119C95DBD0079ED8B /* icon-29x1.png */; };
		84D88DBC19C95DBD0079ED8B /* icon-29x2.png in Resources */ = {isa = PBXBuildFile; fileRef = 84D88DB219C95DBD0079ED8B /* icon-29x2.png */; };
		84D88DBD19C95DBD0079ED8B /* icon-30x1.png in Resources */ = {isa = PBXBuildFile; fileRef = 84D88DB319C95DBD0079ED8B /* icon-30x1.png */; };
		84D88DBE19C95DBD0079ED8B /* icon-40x1.png in Resources */ = {isa = PBXBuildFile; fileRef = 84D88DB419C95DBD0079ED8B /* icon-40x1.png */; };
		84D88DBF19C95DBD0079ED8B /* icon-40x2.png in Resources */ = {isa = PBXBuildFile; fileRef = 84D88DB519C95DBD0079ED8B /* icon-40x2.png */; };
		84D88DC019C95DBD0079ED8B /* icon-60x3.png in Resources */ = {isa = PBXBuildFile; fileRef = 84D88DB619C95DBD0079ED8B /* icon-60x3.png */; };
		84D88DC119C95DBD0079ED8B /* icon-76x1.png in Resources */ = {isa = PBXBuildFile; fileRef = 84D88DB719C95DBD0079ED8B /* icon-76x1.png */; };
		84D88DC219C95DBD0079ED8B /* icon-76x2.png in Resources */ = {isa = PBXBuildFile; fileRef = 84D88DB819C95DBD0079ED8B /* icon-76x2.png */; };
		84D88DC319C95DBD0079ED8B /* icon-512x1.png in Resources */ = {isa = PBXBuildFile; fileRef = 84D88DB919C95DBD0079ED8B /* icon-512x1.png */; };
		84D88DC419C95DBD0079ED8B /* icon-1024x1.png in Resources */ = {isa = PBXBuildFile; fileRef = 84D88DBA19C95DBD0079ED8B /* icon-1024x1.png */; };
		84D88DC619C95F5C0079ED8B /* mplus-2p-light.ttf in Resources */ = {isa = PBXBuildFile; fileRef = 84D88DC519C95F5C0079ED8B /* mplus-2p-light.ttf */; };
		84D88DD019C9642A0079ED8B /* launchImage-640x960.png in Resources */ = {isa = PBXBuildFile; fileRef = 84D88DCB19C9642A0079ED8B /* launchImage-640x960.png */; };
		84D88DD119C9642A0079ED8B /* launchImage-768x1024.png in Resources */ = {isa = PBXBuildFile; fileRef = 84D88DCC19C9642A0079ED8B /* launchImage-768x1024.png */; };
		84D88DD219C9642A0079ED8B /* launchImage-1024x768.png in Resources */ = {isa = PBXBuildFile; fileRef = 84D88DCD19C9642A0079ED8B /* launchImage-1024x768.png */; };
		84D88DD319C9642A0079ED8B /* launchImage-1536x2048.png in Resources */ = {isa = PBXBuildFile; fileRef = 84D88DCE19C9642A0079ED8B /* launchImage-1536x2048.png */; };
		84D88DD419C9642A0079ED8B /* launchImage-2048x1536.png in Resources */ = {isa = PBXBuildFile; fileRef = 84D88DCF19C9642A0079ED8B /* launchImage-2048x1536.png */; };
		84D88DD619C964BD0079ED8B /* launchImage-640x1136.png in Resources */ = {isa = PBXBuildFile; fileRef = 84D88DD519C964BD0079ED8B /* launchImage-640x1136.png */; };
		84D88DD819C9655C0079ED8B /* launchImage-iPhone5s-x2.png in Resources */ = {isa = PBXBuildFile; fileRef = 84D88DD719C9655C0079ED8B /* launchImage-iPhone5s-x2.png */; };
		84D88DDA19C9673D0079ED8B /* launchImage-IPhoneTopBar-640x960.png in Resources */ = {isa = PBXBuildFile; fileRef = 84D88DD919C9673D0079ED8B /* launchImage-IPhoneTopBar-640x960.png */; };
		84DCA47B19882275000EF0C4 /* plusIcon.png in Resources */ = {isa = PBXBuildFile; fileRef = 84DCA47A19882274000EF0C4 /* plusIcon.png */; };
		84DCA47D1988228E000EF0C4 /* minusIcon.png in Resources */ = {isa = PBXBuildFile; fileRef = 84DCA47C1988228D000EF0C4 /* minusIcon.png */; };
		84DCA47F198884C0000EF0C4 /* AddRemoveButton.swift in Sources */ = {isa = PBXBuildFile; fileRef = 84DCA47E198884C0000EF0C4 /* AddRemoveButton.swift */; };
		84DCE9F8197DF83100E4740A /* Globals.swift in Sources */ = {isa = PBXBuildFile; fileRef = 84DCE9F7197DF83100E4740A /* Globals.swift */; };
		84DD98F619A0F3C9001CA2C5 /* kanjiAppIcon.png in Resources */ = {isa = PBXBuildFile; fileRef = 84DD98F519A0F3C8001CA2C5 /* kanjiAppIcon.png */; };
		84E71D2B197F3A49002B6F13 /* SidebarMenu.swift in Sources */ = {isa = PBXBuildFile; fileRef = 84E71D2A197F3A49002B6F13 /* SidebarMenu.swift */; };
		84E71D2D197F530C002B6F13 /* RootContainer.swift in Sources */ = {isa = PBXBuildFile; fileRef = 84E71D2C197F530C002B6F13 /* RootContainer.swift */; };
		84E71D31197F63C6002B6F13 /* hamburgerIcon.png in Resources */ = {isa = PBXBuildFile; fileRef = 84E71D30197F63C5002B6F13 /* hamburgerIcon.png */; };
		84EC7C1719732B7D00CA9054 /* CardProperties.swift in Sources */ = {isa = PBXBuildFile; fileRef = 84EC7C1619732B7D00CA9054 /* CardProperties.swift */; };
		84EC7C1B19734A7800CA9054 /* SettingsProperties.swift in Sources */ = {isa = PBXBuildFile; fileRef = 84EC7C1A19734A7800CA9054 /* SettingsProperties.swift */; };
		84F050A619B36A4D00FB7FBC /* UILabelShadowed.swift in Sources */ = {isa = PBXBuildFile; fileRef = 84F050A519B36A4D00FB7FBC /* UILabelShadowed.swift */; };
		84F3AA2B196350DB00FB7FEF /* AllCards copy.txt in Resources */ = {isa = PBXBuildFile; fileRef = 84F3AA2A196350DB00FB7FEF /* AllCards copy.txt */; };
		84F3AA2D196350E200FB7FEF /* AllCards.txt in Resources */ = {isa = PBXBuildFile; fileRef = 84F3AA2C196350E200FB7FEF /* AllCards.txt */; };
		84F3AA33196351E300FB7FEF /* Card.swift in Sources */ = {isa = PBXBuildFile; fileRef = 84F3AA32196351E300FB7FEF /* Card.swift */; };
/* End PBXBuildFile section */

/* Begin PBXContainerItemProxy section */
		842878F5196341B10060BDD1 /* PBXContainerItemProxy */ = {
			isa = PBXContainerItemProxy;
			containerPortal = 842878D7196341B10060BDD1 /* Project object */;
			proxyType = 1;
			remoteGlobalIDString = 842878DE196341B10060BDD1;
			remoteInfo = KanjiApp;
		};
/* End PBXContainerItemProxy section */

/* Begin PBXFileReference section */
		84010BD4199F78A400138572 /* CardPropertiesSidebar.swift */ = {isa = PBXFileReference; fileEncoding = 4; lastKnownFileType = sourcecode.swift; path = CardPropertiesSidebar.swift; sourceTree = "<group>"; };
		84010BD6199F904700138572 /* CardPropertiesEdit.swift */ = {isa = PBXFileReference; fileEncoding = 4; lastKnownFileType = sourcecode.swift; path = CardPropertiesEdit.swift; sourceTree = "<group>"; };
		84010BD8199F90C100138572 /* CardPropertiesType.swift */ = {isa = PBXFileReference; fileEncoding = 4; lastKnownFileType = sourcecode.swift; path = CardPropertiesType.swift; sourceTree = "<group>"; };
		841390B619645CB6005958B9 /* Lists.swift */ = {isa = PBXFileReference; fileEncoding = 4; lastKnownFileType = sourcecode.swift; path = Lists.swift; sourceTree = "<group>"; };
		841390B81965074D005958B9 /* AnswerDifficulty.swift */ = {isa = PBXFileReference; fileEncoding = 4; lastKnownFileType = sourcecode.swift; path = AnswerDifficulty.swift; sourceTree = "<group>"; };
		841390BA1965D18C005958B9 /* InteractType.swift */ = {isa = PBXFileReference; fileEncoding = 4; lastKnownFileType = sourcecode.swift; path = InteractType.swift; sourceTree = "<group>"; };
		8416E4DC1969EDB00014B478 /* MyPlayground.playground */ = {isa = PBXFileReference; lastKnownFileType = file.playground; path = MyPlayground.playground; sourceTree = "<group>"; };
		841D07D819804ACA00FBDB18 /* RootMenu.swift */ = {isa = PBXFileReference; fileEncoding = 4; lastKnownFileType = sourcecode.swift; path = RootMenu.swift; sourceTree = "<group>"; };
		842878DF196341B10060BDD1 /* Kanji.app */ = {isa = PBXFileReference; explicitFileType = wrapper.application; includeInIndex = 0; path = Kanji.app; sourceTree = BUILT_PRODUCTS_DIR; };
		842878E3196341B10060BDD1 /* Info.plist */ = {isa = PBXFileReference; lastKnownFileType = text.plist.xml; path = Info.plist; sourceTree = "<group>"; };
		842878E4196341B10060BDD1 /* AppDelegate.swift */ = {isa = PBXFileReference; lastKnownFileType = sourcecode.swift; path = AppDelegate.swift; sourceTree = "<group>"; };
		842878E7196341B10060BDD1 /* KanjiApp.xcdatamodel */ = {isa = PBXFileReference; lastKnownFileType = wrapper.xcdatamodel; path = KanjiApp.xcdatamodel; sourceTree = "<group>"; };
		842878E9196341B10060BDD1 /* GameMode.swift */ = {isa = PBXFileReference; lastKnownFileType = sourcecode.swift; path = GameMode.swift; sourceTree = "<group>"; };
		842878EC196341B10060BDD1 /* Base */ = {isa = PBXFileReference; lastKnownFileType = file.storyboard; name = Base; path = Base.lproj/Main.storyboard; sourceTree = "<group>"; };
		842878EE196341B10060BDD1 /* Images.xcassets */ = {isa = PBXFileReference; lastKnownFileType = folder.assetcatalog; path = Images.xcassets; sourceTree = "<group>"; };
		842878F4196341B10060BDD1 /* KanjiAppTests.xctest */ = {isa = PBXFileReference; explicitFileType = wrapper.cfbundle; includeInIndex = 0; path = KanjiAppTests.xctest; sourceTree = BUILT_PRODUCTS_DIR; };
		842878F9196341B10060BDD1 /* Info.plist */ = {isa = PBXFileReference; lastKnownFileType = text.plist.xml; path = Info.plist; sourceTree = "<group>"; };
		842878FA196341B10060BDD1 /* KanjiAppTests.swift */ = {isa = PBXFileReference; lastKnownFileType = sourcecode.swift; path = KanjiAppTests.swift; sourceTree = "<group>"; };
		842B02071980D75F00B5F533 /* View.swift */ = {isa = PBXFileReference; fileEncoding = 4; lastKnownFileType = sourcecode.swift; path = View.swift; sourceTree = "<group>"; };
		842B020B19817E5000B5F533 /* Search.swift */ = {isa = PBXFileReference; fileEncoding = 4; lastKnownFileType = sourcecode.swift; path = Search.swift; sourceTree = "<group>"; };
		842B020D1981828600B5F533 /* DiscoverLabel.swift */ = {isa = PBXFileReference; fileEncoding = 4; lastKnownFileType = sourcecode.swift; path = DiscoverLabel.swift; sourceTree = "<group>"; };
		842B020F1981D6B200B5F533 /* discoverBarFade.png */ = {isa = PBXFileReference; lastKnownFileType = image.png; name = discoverBarFade.png; path = Images/discoverBarFade.png; sourceTree = "<group>"; };
		842B02111981F56400B5F533 /* discoverBottomFade.png */ = {isa = PBXFileReference; lastKnownFileType = image.png; name = discoverBottomFade.png; path = Images/discoverBottomFade.png; sourceTree = "<group>"; };
		8456350F199F40E90033B2BD /* EdgeReveal.swift */ = {isa = PBXFileReference; fileEncoding = 4; lastKnownFileType = sourcecode.swift; path = EdgeReveal.swift; sourceTree = "<group>"; };
		84603D6919A088BC00F45A32 /* CustomUITextView.swift */ = {isa = PBXFileReference; fileEncoding = 4; lastKnownFileType = sourcecode.swift; path = CustomUITextView.swift; sourceTree = "<group>"; };
		846C9748196A4243001D013C /* TextReader.swift */ = {isa = PBXFileReference; fileEncoding = 4; lastKnownFileType = sourcecode.swift; path = TextReader.swift; sourceTree = "<group>"; };
		846C974A196A42A0001D013C /* CustomUIViewController.swift */ = {isa = PBXFileReference; fileEncoding = 4; lastKnownFileType = sourcecode.swift; path = CustomUIViewController.swift; sourceTree = "<group>"; };
		846E80E219B454580028EDB8 /* studyIcon.png */ = {isa = PBXFileReference; lastKnownFileType = image.png; name = studyIcon.png; path = Images/studyIcon.png; sourceTree = "<group>"; };
		846E80E419B58D7D0028EDB8 /* hamburgerIcon2.png */ = {isa = PBXFileReference; lastKnownFileType = image.png; name = hamburgerIcon2.png; path = Images/hamburgerIcon2.png; sourceTree = "<group>"; };
		846E80E819B59FEC0028EDB8 /* goverment.png */ = {isa = PBXFileReference; lastKnownFileType = image.png; name = goverment.png; path = Images/goverment.png; sourceTree = "<group>"; };
		846E80E919B59FED0028EDB8 /* pencil.png */ = {isa = PBXFileReference; lastKnownFileType = image.png; name = pencil.png; path = Images/pencil.png; sourceTree = "<group>"; };
		846E80EA19B59FEE0028EDB8 /* search.png */ = {isa = PBXFileReference; lastKnownFileType = image.png; name = search.png; path = Images/search.png; sourceTree = "<group>"; };
		846E80EB19B59FEF0028EDB8 /* soccerball.png */ = {isa = PBXFileReference; lastKnownFileType = image.png; name = soccerball.png; path = Images/soccerball.png; sourceTree = "<group>"; };
		846E80EC19B59FF00028EDB8 /* taskList */ = {isa = PBXFileReference; lastKnownFileType = file; name = taskList; path = Images/taskList; sourceTree = "<group>"; };
		846E80F219B5A6130028EDB8 /* listBox */ = {isa = PBXFileReference; lastKnownFileType = file; name = listBox; path = Images/listBox; sourceTree = "<group>"; };
		8478FBD619C485EC00A826C8 /* infoButton.png */ = {isa = PBXFileReference; lastKnownFileType = image.png; name = infoButton.png; path = Images/infoButton.png; sourceTree = "<group>"; };
		8478FBDA19C546E700A826C8 /* sidebarBk */ = {isa = PBXFileReference; lastKnownFileType = file; name = sidebarBk; path = Images/sidebarBk; sourceTree = "<group>"; };
		8478FBDC19C8643600A826C8 /* KanjiApp.sqlite */ = {isa = PBXFileReference; lastKnownFileType = file; name = KanjiApp.sqlite; path = Database/KanjiApp.sqlite; sourceTree = "<group>"; };
		8478FBDD19C8643600A826C8 /* KanjiApp.sqlite-shm */ = {isa = PBXFileReference; lastKnownFileType = file; name = "KanjiApp.sqlite-shm"; path = "Database/KanjiApp.sqlite-shm"; sourceTree = "<group>"; };
		8478FBDE19C8643600A826C8 /* KanjiApp.sqlite-wal */ = {isa = PBXFileReference; lastKnownFileType = file; name = "KanjiApp.sqlite-wal"; path = "Database/KanjiApp.sqlite-wal"; sourceTree = "<group>"; };
		847B181819A9AC0700F5A798 /* NSString+RomajiKanaConvert.h */ = {isa = PBXFileReference; fileEncoding = 4; lastKnownFileType = sourcecode.c.h; name = "NSString+RomajiKanaConvert.h"; path = "External/NSString+RomajiKanaConvert.h"; sourceTree = "<group>"; };
		847B181919A9AC0700F5A798 /* NSString+RomajiKanaConvert.m */ = {isa = PBXFileReference; fileEncoding = 4; lastKnownFileType = sourcecode.c.objc; name = "NSString+RomajiKanaConvert.m"; path = "External/NSString+RomajiKanaConvert.m"; sourceTree = "<group>"; };
		847B181A19A9AC0700F5A798 /* PaRomajiKanaConverter.h */ = {isa = PBXFileReference; fileEncoding = 4; lastKnownFileType = sourcecode.c.h; name = PaRomajiKanaConverter.h; path = External/PaRomajiKanaConverter.h; sourceTree = "<group>"; };
		847B181B19A9AC0700F5A798 /* PaRomajiKanaConverter.m */ = {isa = PBXFileReference; fileEncoding = 4; lastKnownFileType = sourcecode.c.objc; name = PaRomajiKanaConverter.m; path = External/PaRomajiKanaConverter.m; sourceTree = "<group>"; };
		847B181C19A9AC0700F5A798 /* PaRomajiKanaConverterTest.h */ = {isa = PBXFileReference; fileEncoding = 4; lastKnownFileType = sourcecode.c.h; name = PaRomajiKanaConverterTest.h; path = External/PaRomajiKanaConverterTest.h; sourceTree = "<group>"; };
		847B181D19A9AC0700F5A798 /* PaRomajiKanaConverterTest.m */ = {isa = PBXFileReference; fileEncoding = 4; lastKnownFileType = sourcecode.c.objc; name = PaRomajiKanaConverterTest.m; path = External/PaRomajiKanaConverterTest.m; sourceTree = "<group>"; };
		847B182119A9AED400F5A798 /* Kanji-Bridging-Header.h */ = {isa = PBXFileReference; lastKnownFileType = sourcecode.c.h; path = "Kanji-Bridging-Header.h"; sourceTree = "<group>"; };
		8494F3E019BF0F5200833ACE /* AnimationState.swift */ = {isa = PBXFileReference; fileEncoding = 4; lastKnownFileType = sourcecode.swift; path = AnimationState.swift; sourceTree = "<group>"; };
		8494F3E219C0308000833ACE /* SettingsTableView.swift */ = {isa = PBXFileReference; fileEncoding = 4; lastKnownFileType = sourcecode.swift; path = SettingsTableView.swift; sourceTree = "<group>"; };
		8495BB88198B2C1C0077D8CE /* TextToken.swift */ = {isa = PBXFileReference; fileEncoding = 4; lastKnownFileType = sourcecode.swift; path = TextToken.swift; sourceTree = "<group>"; };
		8495BB8B1994F9D50077D8CE /* Container.swift */ = {isa = PBXFileReference; fileEncoding = 4; lastKnownFileType = sourcecode.swift; path = Container.swift; sourceTree = "<group>"; };
		8495BB8D1995B8700077D8CE /* Notification.swift */ = {isa = PBXFileReference; fileEncoding = 4; lastKnownFileType = sourcecode.swift; path = Notification.swift; sourceTree = "<group>"; };
		849999A1198333040050226F /* AddWordsList.swift */ = {isa = PBXFileReference; fileEncoding = 4; lastKnownFileType = sourcecode.swift; path = AddWordsList.swift; sourceTree = "<group>"; };
		849999A31983336E0050226F /* WordList.swift */ = {isa = PBXFileReference; fileEncoding = 4; lastKnownFileType = sourcecode.swift; path = WordList.swift; sourceTree = "<group>"; };
		849DA4B6197A08C4004ED365 /* SettingsView.swift */ = {isa = PBXFileReference; fileEncoding = 4; lastKnownFileType = sourcecode.swift; path = SettingsView.swift; sourceTree = "<group>"; };
		84A5F61019743E31001B7404 /* EntityProperties.swift */ = {isa = PBXFileReference; fileEncoding = 4; lastKnownFileType = sourcecode.swift; path = EntityProperties.swift; sourceTree = "<group>"; };
		84A5F6121974418D001B7404 /* NSManagedObjectContextExtension.swift */ = {isa = PBXFileReference; fileEncoding = 4; lastKnownFileType = sourcecode.swift; path = NSManagedObjectContextExtension.swift; sourceTree = "<group>"; };
		84B96195199C7265008A5E2F /* CardsFinished.swift */ = {isa = PBXFileReference; fileEncoding = 4; lastKnownFileType = sourcecode.swift; path = CardsFinished.swift; sourceTree = "<group>"; };
		84B96197199CBF37008A5E2F /* ClickableArea.swift */ = {isa = PBXFileReference; fileEncoding = 4; lastKnownFileType = sourcecode.swift; path = ClickableArea.swift; sourceTree = "<group>"; };
		84B9619D199CD1DA008A5E2F /* CardData.swift */ = {isa = PBXFileReference; fileEncoding = 4; lastKnownFileType = sourcecode.swift; path = CardData.swift; sourceTree = "<group>"; };
		84B9619F199CF38D008A5E2F /* DiscoverLabelData.swift */ = {isa = PBXFileReference; fileEncoding = 4; lastKnownFileType = sourcecode.swift; path = DiscoverLabelData.swift; sourceTree = "<group>"; };
		84CA558419859A1B00F62A68 /* DefinitionPopover.swift */ = {isa = PBXFileReference; fileEncoding = 4; lastKnownFileType = sourcecode.swift; path = DefinitionPopover.swift; sourceTree = "<group>"; };
		84D6074819706508007706DE /* Settings.swift */ = {isa = PBXFileReference; fileEncoding = 4; lastKnownFileType = sourcecode.swift; path = Settings.swift; sourceTree = "<group>"; };
		84D6074A197068A2007706DE /* CoreDataEntities.swift */ = {isa = PBXFileReference; fileEncoding = 4; lastKnownFileType = sourcecode.swift; path = CoreDataEntities.swift; sourceTree = "<group>"; };
		84D6074C19706907007706DE /* StringExtensions.swift */ = {isa = PBXFileReference; fileEncoding = 4; lastKnownFileType = sourcecode.swift; path = StringExtensions.swift; sourceTree = "<group>"; };
		84D6074E1970693C007706DE /* NSMutableAttributedStringExtensions.swift */ = {isa = PBXFileReference; fileEncoding = 4; lastKnownFileType = sourcecode.swift; path = NSMutableAttributedStringExtensions.swift; sourceTree = "<group>"; };
		84D6075019707A31007706DE /* AddWords.swift */ = {isa = PBXFileReference; fileEncoding = 4; lastKnownFileType = sourcecode.swift; path = AddWords.swift; sourceTree = "<group>"; };
		84D88DB119C95DBD0079ED8B /* icon-29x1.png */ = {isa = PBXFileReference; lastKnownFileType = image.png; name = "icon-29x1.png"; path = "Images/icon-29x1.png"; sourceTree = "<group>"; };
		84D88DB219C95DBD0079ED8B /* icon-29x2.png */ = {isa = PBXFileReference; lastKnownFileType = image.png; name = "icon-29x2.png"; path = "Images/icon-29x2.png"; sourceTree = "<group>"; };
		84D88DB319C95DBD0079ED8B /* icon-30x1.png */ = {isa = PBXFileReference; lastKnownFileType = image.png; name = "icon-30x1.png"; path = "Images/icon-30x1.png"; sourceTree = "<group>"; };
		84D88DB419C95DBD0079ED8B /* icon-40x1.png */ = {isa = PBXFileReference; lastKnownFileType = image.png; name = "icon-40x1.png"; path = "Images/icon-40x1.png"; sourceTree = "<group>"; };
		84D88DB519C95DBD0079ED8B /* icon-40x2.png */ = {isa = PBXFileReference; lastKnownFileType = image.png; name = "icon-40x2.png"; path = "Images/icon-40x2.png"; sourceTree = "<group>"; };
		84D88DB619C95DBD0079ED8B /* icon-60x3.png */ = {isa = PBXFileReference; lastKnownFileType = image.png; name = "icon-60x3.png"; path = "Images/icon-60x3.png"; sourceTree = "<group>"; };
		84D88DB719C95DBD0079ED8B /* icon-76x1.png */ = {isa = PBXFileReference; lastKnownFileType = image.png; name = "icon-76x1.png"; path = "Images/icon-76x1.png"; sourceTree = "<group>"; };
		84D88DB819C95DBD0079ED8B /* icon-76x2.png */ = {isa = PBXFileReference; lastKnownFileType = image.png; name = "icon-76x2.png"; path = "Images/icon-76x2.png"; sourceTree = "<group>"; };
		84D88DB919C95DBD0079ED8B /* icon-512x1.png */ = {isa = PBXFileReference; lastKnownFileType = image.png; name = "icon-512x1.png"; path = "Images/icon-512x1.png"; sourceTree = "<group>"; };
		84D88DBA19C95DBD0079ED8B /* icon-1024x1.png */ = {isa = PBXFileReference; lastKnownFileType = image.png; name = "icon-1024x1.png"; path = "Images/icon-1024x1.png"; sourceTree = "<group>"; };
		84D88DC519C95F5C0079ED8B /* mplus-2p-light.ttf */ = {isa = PBXFileReference; lastKnownFileType = file; name = "mplus-2p-light.ttf"; path = "Fonts/mplus-2p-light.ttf"; sourceTree = "<group>"; };
		84D88DCB19C9642A0079ED8B /* launchImage-640x960.png */ = {isa = PBXFileReference; lastKnownFileType = image.png; name = "launchImage-640x960.png"; path = "Images/launchImage-640x960.png"; sourceTree = "<group>"; };
		84D88DCC19C9642A0079ED8B /* launchImage-768x1024.png */ = {isa = PBXFileReference; lastKnownFileType = image.png; name = "launchImage-768x1024.png"; path = "Images/launchImage-768x1024.png"; sourceTree = "<group>"; };
		84D88DCD19C9642A0079ED8B /* launchImage-1024x768.png */ = {isa = PBXFileReference; lastKnownFileType = image.png; name = "launchImage-1024x768.png"; path = "Images/launchImage-1024x768.png"; sourceTree = "<group>"; };
		84D88DCE19C9642A0079ED8B /* launchImage-1536x2048.png */ = {isa = PBXFileReference; lastKnownFileType = image.png; name = "launchImage-1536x2048.png"; path = "Images/launchImage-1536x2048.png"; sourceTree = "<group>"; };
		84D88DCF19C9642A0079ED8B /* launchImage-2048x1536.png */ = {isa = PBXFileReference; lastKnownFileType = image.png; name = "launchImage-2048x1536.png"; path = "Images/launchImage-2048x1536.png"; sourceTree = "<group>"; };
		84D88DD519C964BD0079ED8B /* launchImage-640x1136.png */ = {isa = PBXFileReference; lastKnownFileType = image.png; name = "launchImage-640x1136.png"; path = "Images/launchImage-640x1136.png"; sourceTree = "<group>"; };
		84D88DD719C9655C0079ED8B /* launchImage-iPhone5s-x2.png */ = {isa = PBXFileReference; lastKnownFileType = image.png; name = "launchImage-iPhone5s-x2.png"; path = "Images/launchImage-iPhone5s-x2.png"; sourceTree = "<group>"; };
		84D88DD919C9673D0079ED8B /* launchImage-IPhoneTopBar-640x960.png */ = {isa = PBXFileReference; lastKnownFileType = image.png; name = "launchImage-IPhoneTopBar-640x960.png"; path = "Images/launchImage-IPhoneTopBar-640x960.png"; sourceTree = "<group>"; };
		84DCA47A19882274000EF0C4 /* plusIcon.png */ = {isa = PBXFileReference; lastKnownFileType = image.png; name = plusIcon.png; path = Images/plusIcon.png; sourceTree = "<group>"; };
		84DCA47C1988228D000EF0C4 /* minusIcon.png */ = {isa = PBXFileReference; lastKnownFileType = image.png; name = minusIcon.png; path = Images/minusIcon.png; sourceTree = "<group>"; };
		84DCA47E198884C0000EF0C4 /* AddRemoveButton.swift */ = {isa = PBXFileReference; fileEncoding = 4; lastKnownFileType = sourcecode.swift; path = AddRemoveButton.swift; sourceTree = "<group>"; };
		84DCE9F7197DF83100E4740A /* Globals.swift */ = {isa = PBXFileReference; fileEncoding = 4; lastKnownFileType = sourcecode.swift; path = Globals.swift; sourceTree = "<group>"; };
		84DD98F519A0F3C8001CA2C5 /* kanjiAppIcon.png */ = {isa = PBXFileReference; lastKnownFileType = image.png; name = kanjiAppIcon.png; path = Images/kanjiAppIcon.png; sourceTree = "<group>"; };
		84E71D2A197F3A49002B6F13 /* SidebarMenu.swift */ = {isa = PBXFileReference; fileEncoding = 4; lastKnownFileType = sourcecode.swift; path = SidebarMenu.swift; sourceTree = "<group>"; };
		84E71D2C197F530C002B6F13 /* RootContainer.swift */ = {isa = PBXFileReference; fileEncoding = 4; lastKnownFileType = sourcecode.swift; path = RootContainer.swift; sourceTree = "<group>"; };
		84E71D30197F63C5002B6F13 /* hamburgerIcon.png */ = {isa = PBXFileReference; lastKnownFileType = image.png; name = hamburgerIcon.png; path = Images/hamburgerIcon.png; sourceTree = "<group>"; };
		84EC7C1619732B7D00CA9054 /* CardProperties.swift */ = {isa = PBXFileReference; fileEncoding = 4; lastKnownFileType = sourcecode.swift; path = CardProperties.swift; sourceTree = "<group>"; };
		84EC7C1A19734A7800CA9054 /* SettingsProperties.swift */ = {isa = PBXFileReference; fileEncoding = 4; lastKnownFileType = sourcecode.swift; path = SettingsProperties.swift; sourceTree = "<group>"; };
		84F050A519B36A4D00FB7FBC /* UILabelShadowed.swift */ = {isa = PBXFileReference; fileEncoding = 4; lastKnownFileType = sourcecode.swift; path = UILabelShadowed.swift; sourceTree = "<group>"; };
		84F3AA2A196350DB00FB7FEF /* AllCards copy.txt */ = {isa = PBXFileReference; fileEncoding = 4; lastKnownFileType = text; path = "AllCards copy.txt"; sourceTree = "<group>"; };
		84F3AA2C196350E200FB7FEF /* AllCards.txt */ = {isa = PBXFileReference; fileEncoding = 4; lastKnownFileType = text; path = AllCards.txt; sourceTree = "<group>"; };
		84F3AA32196351E300FB7FEF /* Card.swift */ = {isa = PBXFileReference; fileEncoding = 4; lastKnownFileType = sourcecode.swift; path = Card.swift; sourceTree = "<group>"; };
/* End PBXFileReference section */

/* Begin PBXFrameworksBuildPhase section */
		842878DC196341B10060BDD1 /* Frameworks */ = {
			isa = PBXFrameworksBuildPhase;
			buildActionMask = 2147483647;
			files = (
			);
			runOnlyForDeploymentPostprocessing = 0;
		};
		842878F1196341B10060BDD1 /* Frameworks */ = {
			isa = PBXFrameworksBuildPhase;
			buildActionMask = 2147483647;
			files = (
			);
			runOnlyForDeploymentPostprocessing = 0;
		};
/* End PBXFrameworksBuildPhase section */

/* Begin PBXGroup section */
		842878D6196341B10060BDD1 = {
			isa = PBXGroup;
			children = (
				842878E1196341B10060BDD1 /* Kanji */,
				842878F7196341B10060BDD1 /* KanjiAppTests */,
				842878E0196341B10060BDD1 /* Products */,
			);
			sourceTree = "<group>";
		};
		842878E0196341B10060BDD1 /* Products */ = {
			isa = PBXGroup;
			children = (
				842878DF196341B10060BDD1 /* Kanji.app */,
				842878F4196341B10060BDD1 /* KanjiAppTests.xctest */,
			);
			name = Products;
			sourceTree = "<group>";
		};
		842878E1196341B10060BDD1 /* Kanji */ = {
			isa = PBXGroup;
			children = (
				84F050A419B36A2A00FB7FBC /* Reusable */,
				847B182119A9AED400F5A798 /* Kanji-Bridging-Header.h */,
				847B181719A9ABD300F5A798 /* External */,
				84EC7C1919734A0700CA9054 /* ManagedObject */,
				84EC7C181973495200CA9054 /* Views */,
				846C974C196A435B001D013C /* Enums */,
				84F3AA2C196350E200FB7FEF /* AllCards.txt */,
				84F3AA2A196350DB00FB7FEF /* AllCards copy.txt */,
				842878E4196341B10060BDD1 /* AppDelegate.swift */,
				8416E4DC1969EDB00014B478 /* MyPlayground.playground */,
				842878EB196341B10060BDD1 /* Main.storyboard */,
				842878EE196341B10060BDD1 /* Images.xcassets */,
				842878E6196341B10060BDD1 /* KanjiApp.xcdatamodeld */,
				842878E2196341B10060BDD1 /* Supporting Files */,
				84D6074C19706907007706DE /* StringExtensions.swift */,
				84D6074E1970693C007706DE /* NSMutableAttributedStringExtensions.swift */,
				84DCE9F7197DF83100E4740A /* Globals.swift */,
				8495BB8D1995B8700077D8CE /* Notification.swift */,
			);
			name = Kanji;
			path = KanjiApp;
			sourceTree = "<group>";
		};
		842878E2196341B10060BDD1 /* Supporting Files */ = {
			isa = PBXGroup;
			children = (
				84D88DD919C9673D0079ED8B /* launchImage-IPhoneTopBar-640x960.png */,
				84D88DD719C9655C0079ED8B /* launchImage-iPhone5s-x2.png */,
				84D88DD519C964BD0079ED8B /* launchImage-640x1136.png */,
				84D88DCB19C9642A0079ED8B /* launchImage-640x960.png */,
				84D88DCC19C9642A0079ED8B /* launchImage-768x1024.png */,
				84D88DCD19C9642A0079ED8B /* launchImage-1024x768.png */,
				84D88DCE19C9642A0079ED8B /* launchImage-1536x2048.png */,
				84D88DCF19C9642A0079ED8B /* launchImage-2048x1536.png */,
				84D88DC519C95F5C0079ED8B /* mplus-2p-light.ttf */,
				84D88DB119C95DBD0079ED8B /* icon-29x1.png */,
				84D88DB219C95DBD0079ED8B /* icon-29x2.png */,
				84D88DB319C95DBD0079ED8B /* icon-30x1.png */,
				84D88DB419C95DBD0079ED8B /* icon-40x1.png */,
				84D88DB519C95DBD0079ED8B /* icon-40x2.png */,
				84D88DB619C95DBD0079ED8B /* icon-60x3.png */,
				84D88DB719C95DBD0079ED8B /* icon-76x1.png */,
				84D88DB819C95DBD0079ED8B /* icon-76x2.png */,
				84D88DB919C95DBD0079ED8B /* icon-512x1.png */,
				84D88DBA19C95DBD0079ED8B /* icon-1024x1.png */,
				8478FBDC19C8643600A826C8 /* KanjiApp.sqlite */,
				8478FBDD19C8643600A826C8 /* KanjiApp.sqlite-shm */,
				8478FBDE19C8643600A826C8 /* KanjiApp.sqlite-wal */,
				8478FBDA19C546E700A826C8 /* sidebarBk */,
				8478FBD619C485EC00A826C8 /* infoButton.png */,
				846E80F219B5A6130028EDB8 /* listBox */,
				846E80E819B59FEC0028EDB8 /* goverment.png */,
				846E80E919B59FED0028EDB8 /* pencil.png */,
				846E80EA19B59FEE0028EDB8 /* search.png */,
				846E80EB19B59FEF0028EDB8 /* soccerball.png */,
				846E80EC19B59FF00028EDB8 /* taskList */,
				846E80E419B58D7D0028EDB8 /* hamburgerIcon2.png */,
				846E80E219B454580028EDB8 /* studyIcon.png */,
				84DD98F519A0F3C8001CA2C5 /* kanjiAppIcon.png */,
				84DCA47C1988228D000EF0C4 /* minusIcon.png */,
				84DCA47A19882274000EF0C4 /* plusIcon.png */,
				842B02111981F56400B5F533 /* discoverBottomFade.png */,
				842B020F1981D6B200B5F533 /* discoverBarFade.png */,
				84E71D30197F63C5002B6F13 /* hamburgerIcon.png */,
				842878E3196341B10060BDD1 /* Info.plist */,
			);
			name = "Supporting Files";
			sourceTree = "<group>";
		};
		842878F7196341B10060BDD1 /* KanjiAppTests */ = {
			isa = PBXGroup;
			children = (
				842878FA196341B10060BDD1 /* KanjiAppTests.swift */,
				842878F8196341B10060BDD1 /* Supporting Files */,
			);
			path = KanjiAppTests;
			sourceTree = "<group>";
		};
		842878F8196341B10060BDD1 /* Supporting Files */ = {
			isa = PBXGroup;
			children = (
				842878F9196341B10060BDD1 /* Info.plist */,
			);
			name = "Supporting Files";
			sourceTree = "<group>";
		};
		846C974C196A435B001D013C /* Enums */ = {
			isa = PBXGroup;
			children = (
				842B02071980D75F00B5F533 /* View.swift */,
				849999A31983336E0050226F /* WordList.swift */,
				841390B81965074D005958B9 /* AnswerDifficulty.swift */,
				841390BA1965D18C005958B9 /* InteractType.swift */,
				84010BD6199F904700138572 /* CardPropertiesEdit.swift */,
				84010BD8199F90C100138572 /* CardPropertiesType.swift */,
				8494F3E019BF0F5200833ACE /* AnimationState.swift */,
			);
			name = Enums;
			sourceTree = "<group>";
		};
		847B181719A9ABD300F5A798 /* External */ = {
			isa = PBXGroup;
			children = (
				847B181819A9AC0700F5A798 /* NSString+RomajiKanaConvert.h */,
				847B181919A9AC0700F5A798 /* NSString+RomajiKanaConvert.m */,
				847B181A19A9AC0700F5A798 /* PaRomajiKanaConverter.h */,
				847B181B19A9AC0700F5A798 /* PaRomajiKanaConverter.m */,
				847B181C19A9AC0700F5A798 /* PaRomajiKanaConverterTest.h */,
				847B181D19A9AC0700F5A798 /* PaRomajiKanaConverterTest.m */,
			);
			name = External;
			sourceTree = "<group>";
		};
		84EC7C181973495200CA9054 /* Views */ = {
			isa = PBXGroup;
			children = (
				846C974A196A42A0001D013C /* CustomUIViewController.swift */,
				842878E9196341B10060BDD1 /* GameMode.swift */,
				84D6075019707A31007706DE /* AddWords.swift */,
				841390B619645CB6005958B9 /* Lists.swift */,
				846C9748196A4243001D013C /* TextReader.swift */,
				849DA4B6197A08C4004ED365 /* SettingsView.swift */,
				84E71D2A197F3A49002B6F13 /* SidebarMenu.swift */,
				84E71D2C197F530C002B6F13 /* RootContainer.swift */,
				841D07D819804ACA00FBDB18 /* RootMenu.swift */,
				842B020B19817E5000B5F533 /* Search.swift */,
				842B020D1981828600B5F533 /* DiscoverLabel.swift */,
				849999A1198333040050226F /* AddWordsList.swift */,
				84CA558419859A1B00F62A68 /* DefinitionPopover.swift */,
				84DCA47E198884C0000EF0C4 /* AddRemoveButton.swift */,
				8495BB8B1994F9D50077D8CE /* Container.swift */,
				84B96195199C7265008A5E2F /* CardsFinished.swift */,
				84B96197199CBF37008A5E2F /* ClickableArea.swift */,
				84B9619F199CF38D008A5E2F /* DiscoverLabelData.swift */,
				8456350F199F40E90033B2BD /* EdgeReveal.swift */,
				84010BD4199F78A400138572 /* CardPropertiesSidebar.swift */,
				84603D6919A088BC00F45A32 /* CustomUITextView.swift */,
				8494F3E219C0308000833ACE /* SettingsTableView.swift */,
			);
			name = Views;
			sourceTree = "<group>";
		};
		84EC7C1919734A0700CA9054 /* ManagedObject */ = {
			isa = PBXGroup;
			children = (
				84EC7C1619732B7D00CA9054 /* CardProperties.swift */,
				84D6074819706508007706DE /* Settings.swift */,
				84D6074A197068A2007706DE /* CoreDataEntities.swift */,
				84F3AA32196351E300FB7FEF /* Card.swift */,
				84EC7C1A19734A7800CA9054 /* SettingsProperties.swift */,
				84A5F61019743E31001B7404 /* EntityProperties.swift */,
				84A5F6121974418D001B7404 /* NSManagedObjectContextExtension.swift */,
				8495BB88198B2C1C0077D8CE /* TextToken.swift */,
				84B9619D199CD1DA008A5E2F /* CardData.swift */,
			);
			name = ManagedObject;
			sourceTree = "<group>";
		};
		84F050A419B36A2A00FB7FBC /* Reusable */ = {
			isa = PBXGroup;
			children = (
				84F050A519B36A4D00FB7FBC /* UILabelShadowed.swift */,
			);
			name = Reusable;
			sourceTree = "<group>";
		};
/* End PBXGroup section */

/* Begin PBXNativeTarget section */
		842878DE196341B10060BDD1 /* Kanji */ = {
			isa = PBXNativeTarget;
			buildConfigurationList = 842878FE196341B10060BDD1 /* Build configuration list for PBXNativeTarget "Kanji" */;
			buildPhases = (
				842878DB196341B10060BDD1 /* Sources */,
				842878DC196341B10060BDD1 /* Frameworks */,
				842878DD196341B10060BDD1 /* Resources */,
			);
			buildRules = (
			);
			dependencies = (
			);
			name = Kanji;
			productName = Kanji;
			productReference = 842878DF196341B10060BDD1 /* Kanji.app */;
			productType = "com.apple.product-type.application";
		};
		842878F3196341B10060BDD1 /* KanjiAppTests */ = {
			isa = PBXNativeTarget;
			buildConfigurationList = 84287901196341B10060BDD1 /* Build configuration list for PBXNativeTarget "KanjiAppTests" */;
			buildPhases = (
				842878F0196341B10060BDD1 /* Sources */,
				842878F1196341B10060BDD1 /* Frameworks */,
				842878F2196341B10060BDD1 /* Resources */,
			);
			buildRules = (
			);
			dependencies = (
				842878F6196341B10060BDD1 /* PBXTargetDependency */,
			);
			name = KanjiAppTests;
			productName = KanjiAppTests;
			productReference = 842878F4196341B10060BDD1 /* KanjiAppTests.xctest */;
			productType = "com.apple.product-type.bundle.unit-test";
		};
/* End PBXNativeTarget section */

/* Begin PBXProject section */
		842878D7196341B10060BDD1 /* Project object */ = {
			isa = PBXProject;
			attributes = {
				LastUpgradeCheck = 0600;
				ORGANIZATIONNAME = Sky;
				TargetAttributes = {
					842878DE196341B10060BDD1 = {
						CreatedOnToolsVersion = 6.0;
						DevelopmentTeam = LYBRTWMNLH;
					};
					842878F3196341B10060BDD1 = {
						CreatedOnToolsVersion = 6.0;
						TestTargetID = 842878DE196341B10060BDD1;
					};
				};
			};
			buildConfigurationList = 842878DA196341B10060BDD1 /* Build configuration list for PBXProject "Kanji" */;
			compatibilityVersion = "Xcode 3.2";
			developmentRegion = English;
			hasScannedForEncodings = 0;
			knownRegions = (
				en,
				Base,
			);
			mainGroup = 842878D6196341B10060BDD1;
			productRefGroup = 842878E0196341B10060BDD1 /* Products */;
			projectDirPath = "";
			projectRoot = "";
			targets = (
				842878DE196341B10060BDD1 /* Kanji */,
				842878F3196341B10060BDD1 /* KanjiAppTests */,
			);
		};
/* End PBXProject section */

/* Begin PBXResourcesBuildPhase section */
		842878DD196341B10060BDD1 /* Resources */ = {
			isa = PBXResourcesBuildPhase;
			buildActionMask = 2147483647;
			files = (
				846E80ED19B59FF20028EDB8 /* goverment.png in Resources */,
				84D88DD219C9642A0079ED8B /* launchImage-1024x768.png in Resources */,
				842B02101981D6B600B5F533 /* discoverBarFade.png in Resources */,
				84D88DD019C9642A0079ED8B /* launchImage-640x960.png in Resources */,
				8478FBDB19C546E700A826C8 /* sidebarBk in Resources */,
				84D88DBB19C95DBD0079ED8B /* icon-29x1.png in Resources */,
				84D88DC419C95DBD0079ED8B /* icon-1024x1.png in Resources */,
				8478FBDF19C8643600A826C8 /* KanjiApp.sqlite in Resources */,
				84D88DD119C9642A0079ED8B /* launchImage-768x1024.png in Resources */,
				84D88DBF19C95DBD0079ED8B /* icon-40x2.png in Resources */,
				84F3AA2D196350E200FB7FEF /* AllCards.txt in Resources */,
				84D88DC019C95DBD0079ED8B /* icon-60x3.png in Resources */,
				84D88DC119C95DBD0079ED8B /* icon-76x1.png in Resources */,
				8478FBD719C485EC00A826C8 /* infoButton.png in Resources */,
				84D88DBC19C95DBD0079ED8B /* icon-29x2.png in Resources */,
				846E80F019B59FF20028EDB8 /* soccerball.png in Resources */,
				8478FBE019C8643600A826C8 /* KanjiApp.sqlite-shm in Resources */,
				84D88DC219C95DBD0079ED8B /* icon-76x2.png in Resources */,
				84DCA47D1988228E000EF0C4 /* minusIcon.png in Resources */,
				8478FBE119C8643600A826C8 /* KanjiApp.sqlite-wal in Resources */,
				84D88DC619C95F5C0079ED8B /* mplus-2p-light.ttf in Resources */,
				846E80F119B59FF20028EDB8 /* taskList in Resources */,
				84D88DD819C9655C0079ED8B /* launchImage-iPhone5s-x2.png in Resources */,
				84F3AA2B196350DB00FB7FEF /* AllCards copy.txt in Resources */,
				84D88DC319C95DBD0079ED8B /* icon-512x1.png in Resources */,
				84D88DBD19C95DBD0079ED8B /* icon-30x1.png in Resources */,
				842878ED196341B10060BDD1 /* Main.storyboard in Resources */,
				84D88DD319C9642A0079ED8B /* launchImage-1536x2048.png in Resources */,
				84D88DD619C964BD0079ED8B /* launchImage-640x1136.png in Resources */,
				84DCA47B19882275000EF0C4 /* plusIcon.png in Resources */,
				84E71D31197F63C6002B6F13 /* hamburgerIcon.png in Resources */,
				846E80E319B454590028EDB8 /* studyIcon.png in Resources */,
				84D88DBE19C95DBD0079ED8B /* icon-40x1.png in Resources */,
				84D88DD419C9642A0079ED8B /* launchImage-2048x1536.png in Resources */,
				84DD98F619A0F3C9001CA2C5 /* kanjiAppIcon.png in Resources */,
				842878EF196341B10060BDD1 /* Images.xcassets in Resources */,
				846E80EE19B59FF20028EDB8 /* pencil.png in Resources */,
				846E80E519B58D7E0028EDB8 /* hamburgerIcon2.png in Resources */,
				846E80EF19B59FF20028EDB8 /* search.png in Resources */,
				846E80F319B5A6140028EDB8 /* listBox in Resources */,
				842B02121981F56700B5F533 /* discoverBottomFade.png in Resources */,
				84D88DDA19C9673D0079ED8B /* launchImage-IPhoneTopBar-640x960.png in Resources */,
			);
			runOnlyForDeploymentPostprocessing = 0;
		};
		842878F2196341B10060BDD1 /* Resources */ = {
			isa = PBXResourcesBuildPhase;
			buildActionMask = 2147483647;
			files = (
			);
			runOnlyForDeploymentPostprocessing = 0;
		};
/* End PBXResourcesBuildPhase section */

/* Begin PBXSourcesBuildPhase section */
		842878DB196341B10060BDD1 /* Sources */ = {
			isa = PBXSourcesBuildPhase;
			buildActionMask = 2147483647;
			files = (
				84010BD7199F904700138572 /* CardPropertiesEdit.swift in Sources */,
				84D6074D19706907007706DE /* StringExtensions.swift in Sources */,
				849999A41983336E0050226F /* WordList.swift in Sources */,
				84D6074B197068A2007706DE /* CoreDataEntities.swift in Sources */,
				841390B91965074D005958B9 /* AnswerDifficulty.swift in Sources */,
				842878EA196341B10060BDD1 /* GameMode.swift in Sources */,
				84F3AA33196351E300FB7FEF /* Card.swift in Sources */,
				84F050A619B36A4D00FB7FBC /* UILabelShadowed.swift in Sources */,
				84B96198199CBF37008A5E2F /* ClickableArea.swift in Sources */,
				847B181E19A9AC0700F5A798 /* NSString+RomajiKanaConvert.m in Sources */,
				846C9749196A4243001D013C /* TextReader.swift in Sources */,
				84563510199F40E90033B2BD /* EdgeReveal.swift in Sources */,
				84EC7C1719732B7D00CA9054 /* CardProperties.swift in Sources */,
				8495BB8E1995B8700077D8CE /* Notification.swift in Sources */,
				84B961A0199CF38D008A5E2F /* DiscoverLabelData.swift in Sources */,
				84E71D2D197F530C002B6F13 /* RootContainer.swift in Sources */,
				842B02081980D75F00B5F533 /* View.swift in Sources */,
				84D6074919706508007706DE /* Settings.swift in Sources */,
				842B020E1981828600B5F533 /* DiscoverLabel.swift in Sources */,
				84010BD9199F90C100138572 /* CardPropertiesType.swift in Sources */,
				847B182019A9AC0700F5A798 /* PaRomajiKanaConverterTest.m in Sources */,
				84DCE9F8197DF83100E4740A /* Globals.swift in Sources */,
				8494F3E319C0308000833ACE /* SettingsTableView.swift in Sources */,
				8495BB8C1994F9D50077D8CE /* Container.swift in Sources */,
				84010BD5199F78A400138572 /* CardPropertiesSidebar.swift in Sources */,
				842878E5196341B10060BDD1 /* AppDelegate.swift in Sources */,
				842878E8196341B10060BDD1 /* KanjiApp.xcdatamodeld in Sources */,
				849999A2198333040050226F /* AddWordsList.swift in Sources */,
				841D07D919804ACA00FBDB18 /* RootMenu.swift in Sources */,
				84CA558519859A1B00F62A68 /* DefinitionPopover.swift in Sources */,
				8495BB89198B2C1C0077D8CE /* TextToken.swift in Sources */,
				84D6074F1970693C007706DE /* NSMutableAttributedStringExtensions.swift in Sources */,
				841390B719645CB6005958B9 /* Lists.swift in Sources */,
				841390BB1965D18C005958B9 /* InteractType.swift in Sources */,
				846C974B196A42A0001D013C /* CustomUIViewController.swift in Sources */,
				84A5F6131974418D001B7404 /* NSManagedObjectContextExtension.swift in Sources */,
				84DCA47F198884C0000EF0C4 /* AddRemoveButton.swift in Sources */,
				8494F3E119BF0F5200833ACE /* AnimationState.swift in Sources */,
				84EC7C1B19734A7800CA9054 /* SettingsProperties.swift in Sources */,
				84603D6A19A088BC00F45A32 /* CustomUITextView.swift in Sources */,
				847B181F19A9AC0700F5A798 /* PaRomajiKanaConverter.m in Sources */,
				84A5F61119743E31001B7404 /* EntityProperties.swift in Sources */,
				84E71D2B197F3A49002B6F13 /* SidebarMenu.swift in Sources */,
				842B020C19817E5000B5F533 /* Search.swift in Sources */,
				84B96196199C7265008A5E2F /* CardsFinished.swift in Sources */,
				84B9619E199CD1DA008A5E2F /* CardData.swift in Sources */,
				84D6075119707A31007706DE /* AddWords.swift in Sources */,
				849DA4B7197A08C4004ED365 /* SettingsView.swift in Sources */,
			);
			runOnlyForDeploymentPostprocessing = 0;
		};
		842878F0196341B10060BDD1 /* Sources */ = {
			isa = PBXSourcesBuildPhase;
			buildActionMask = 2147483647;
			files = (
				842878FB196341B10060BDD1 /* KanjiAppTests.swift in Sources */,
			);
			runOnlyForDeploymentPostprocessing = 0;
		};
/* End PBXSourcesBuildPhase section */

/* Begin PBXTargetDependency section */
		842878F6196341B10060BDD1 /* PBXTargetDependency */ = {
			isa = PBXTargetDependency;
			target = 842878DE196341B10060BDD1 /* Kanji */;
			targetProxy = 842878F5196341B10060BDD1 /* PBXContainerItemProxy */;
		};
/* End PBXTargetDependency section */

/* Begin PBXVariantGroup section */
		842878EB196341B10060BDD1 /* Main.storyboard */ = {
			isa = PBXVariantGroup;
			children = (
				842878EC196341B10060BDD1 /* Base */,
			);
			name = Main.storyboard;
			sourceTree = "<group>";
		};
/* End PBXVariantGroup section */

/* Begin XCBuildConfiguration section */
		842878FC196341B10060BDD1 /* Debug */ = {
			isa = XCBuildConfiguration;
			buildSettings = {
				ALWAYS_SEARCH_USER_PATHS = NO;
				CLANG_CXX_LANGUAGE_STANDARD = "gnu++0x";
				CLANG_CXX_LIBRARY = "libc++";
				CLANG_ENABLE_MODULES = YES;
				CLANG_ENABLE_OBJC_ARC = YES;
				CLANG_WARN_BOOL_CONVERSION = YES;
				CLANG_WARN_CONSTANT_CONVERSION = YES;
				CLANG_WARN_DIRECT_OBJC_ISA_USAGE = YES_ERROR;
				CLANG_WARN_EMPTY_BODY = YES;
				CLANG_WARN_ENUM_CONVERSION = YES;
				CLANG_WARN_INT_CONVERSION = YES;
				CLANG_WARN_OBJC_ROOT_CLASS = YES_ERROR;
				CLANG_WARN_UNREACHABLE_CODE = YES;
				CLANG_WARN__DUPLICATE_METHOD_MATCH = YES;
				"CODE_SIGN_IDENTITY[sdk=iphoneos*]" = "iPhone Developer";
				COPY_PHASE_STRIP = NO;
				ENABLE_STRICT_OBJC_MSGSEND = YES;
				GCC_C_LANGUAGE_STANDARD = gnu99;
				GCC_DYNAMIC_NO_PIC = NO;
				GCC_OPTIMIZATION_LEVEL = 0;
				GCC_PREPROCESSOR_DEFINITIONS = (
					"DEBUG=1",
					"$(inherited)",
				);
				GCC_SYMBOLS_PRIVATE_EXTERN = NO;
				GCC_WARN_64_TO_32_BIT_CONVERSION = YES;
				GCC_WARN_ABOUT_RETURN_TYPE = YES_ERROR;
				GCC_WARN_UNDECLARED_SELECTOR = YES;
				GCC_WARN_UNINITIALIZED_AUTOS = YES_AGGRESSIVE;
				GCC_WARN_UNUSED_FUNCTION = YES;
				GCC_WARN_UNUSED_VARIABLE = YES;
				IPHONEOS_DEPLOYMENT_TARGET = 8.0;
				METAL_ENABLE_DEBUG_INFO = YES;
				ONLY_ACTIVE_ARCH = YES;
				SDKROOT = iphoneos;
				SWIFT_OPTIMIZATION_LEVEL = "-Onone";
				TARGETED_DEVICE_FAMILY = "1,2";
			};
			name = Debug;
		};
		842878FD196341B10060BDD1 /* Release */ = {
			isa = XCBuildConfiguration;
			buildSettings = {
				ALWAYS_SEARCH_USER_PATHS = NO;
				CLANG_CXX_LANGUAGE_STANDARD = "gnu++0x";
				CLANG_CXX_LIBRARY = "libc++";
				CLANG_ENABLE_MODULES = YES;
				CLANG_ENABLE_OBJC_ARC = YES;
				CLANG_WARN_BOOL_CONVERSION = YES;
				CLANG_WARN_CONSTANT_CONVERSION = YES;
				CLANG_WARN_DIRECT_OBJC_ISA_USAGE = YES_ERROR;
				CLANG_WARN_EMPTY_BODY = YES;
				CLANG_WARN_ENUM_CONVERSION = YES;
				CLANG_WARN_INT_CONVERSION = YES;
				CLANG_WARN_OBJC_ROOT_CLASS = YES_ERROR;
				CLANG_WARN_UNREACHABLE_CODE = YES;
				CLANG_WARN__DUPLICATE_METHOD_MATCH = YES;
				"CODE_SIGN_IDENTITY[sdk=iphoneos*]" = "iPhone Developer";
				COPY_PHASE_STRIP = YES;
				ENABLE_NS_ASSERTIONS = NO;
				ENABLE_STRICT_OBJC_MSGSEND = YES;
				GCC_C_LANGUAGE_STANDARD = gnu99;
				GCC_WARN_64_TO_32_BIT_CONVERSION = YES;
				GCC_WARN_ABOUT_RETURN_TYPE = YES_ERROR;
				GCC_WARN_UNDECLARED_SELECTOR = YES;
				GCC_WARN_UNINITIALIZED_AUTOS = YES_AGGRESSIVE;
				GCC_WARN_UNUSED_FUNCTION = YES;
				GCC_WARN_UNUSED_VARIABLE = YES;
				IPHONEOS_DEPLOYMENT_TARGET = 8.0;
				METAL_ENABLE_DEBUG_INFO = NO;
				SDKROOT = iphoneos;
				TARGETED_DEVICE_FAMILY = "1,2";
				VALIDATE_PRODUCT = YES;
			};
			name = Release;
		};
		842878FF196341B10060BDD1 /* Debug */ = {
			isa = XCBuildConfiguration;
			buildSettings = {
				ASSETCATALOG_COMPILER_APPICON_NAME = AppIcon;
				ASSETCATALOG_COMPILER_LAUNCHIMAGE_NAME = LaunchImage;
				CLANG_ENABLE_MODULES = YES;
				INFOPLIST_FILE = KanjiApp/Info.plist;
				LD_RUNPATH_SEARCH_PATHS = "$(inherited) @executable_path/Frameworks";
				PRODUCT_NAME = "$(TARGET_NAME)";
				SWIFT_OBJC_BRIDGING_HEADER = "KanjiApp/Kanji-Bridging-Header.h";
				SWIFT_OPTIMIZATION_LEVEL = "-Onone";
			};
			name = Debug;
		};
		84287900196341B10060BDD1 /* Release */ = {
			isa = XCBuildConfiguration;
			buildSettings = {
				ASSETCATALOG_COMPILER_APPICON_NAME = AppIcon;
				ASSETCATALOG_COMPILER_LAUNCHIMAGE_NAME = LaunchImage;
				CLANG_ENABLE_MODULES = YES;
				INFOPLIST_FILE = KanjiApp/Info.plist;
				LD_RUNPATH_SEARCH_PATHS = "$(inherited) @executable_path/Frameworks";
				PRODUCT_NAME = "$(TARGET_NAME)";
				SWIFT_OBJC_BRIDGING_HEADER = "KanjiApp/Kanji-Bridging-Header.h";
			};
			name = Release;
		};
		84287902196341B10060BDD1 /* Debug */ = {
			isa = XCBuildConfiguration;
			buildSettings = {
				BUNDLE_LOADER = "$(BUILT_PRODUCTS_DIR)/KanjiApp.app/KanjiApp";
				FRAMEWORK_SEARCH_PATHS = (
					"$(SDKROOT)/Developer/Library/Frameworks",
					"$(inherited)",
				);
				GCC_PREPROCESSOR_DEFINITIONS = (
					"DEBUG=1",
					"$(inherited)",
				);
				INFOPLIST_FILE = KanjiAppTests/Info.plist;
				LD_RUNPATH_SEARCH_PATHS = "$(inherited) @executable_path/Frameworks @loader_path/Frameworks";
				METAL_ENABLE_DEBUG_INFO = YES;
				PRODUCT_NAME = "$(TARGET_NAME)";
				TEST_HOST = "$(BUNDLE_LOADER)";
			};
			name = Debug;
		};
		84287903196341B10060BDD1 /* Release */ = {
			isa = XCBuildConfiguration;
			buildSettings = {
				BUNDLE_LOADER = "$(BUILT_PRODUCTS_DIR)/KanjiApp.app/KanjiApp";
				FRAMEWORK_SEARCH_PATHS = (
					"$(SDKROOT)/Developer/Library/Frameworks",
					"$(inherited)",
				);
				INFOPLIST_FILE = KanjiAppTests/Info.plist;
				LD_RUNPATH_SEARCH_PATHS = "$(inherited) @executable_path/Frameworks @loader_path/Frameworks";
				METAL_ENABLE_DEBUG_INFO = NO;
				PRODUCT_NAME = "$(TARGET_NAME)";
				TEST_HOST = "$(BUNDLE_LOADER)";
			};
			name = Release;
		};
/* End XCBuildConfiguration section */

/* Begin XCConfigurationList section */
		842878DA196341B10060BDD1 /* Build configuration list for PBXProject "Kanji" */ = {
			isa = XCConfigurationList;
			buildConfigurations = (
				842878FC196341B10060BDD1 /* Debug */,
				842878FD196341B10060BDD1 /* Release */,
			);
			defaultConfigurationIsVisible = 0;
			defaultConfigurationName = Release;
		};
		842878FE196341B10060BDD1 /* Build configuration list for PBXNativeTarget "Kanji" */ = {
			isa = XCConfigurationList;
			buildConfigurations = (
				842878FF196341B10060BDD1 /* Debug */,
				84287900196341B10060BDD1 /* Release */,
			);
			defaultConfigurationIsVisible = 0;
			defaultConfigurationName = Release;
		};
		84287901196341B10060BDD1 /* Build configuration list for PBXNativeTarget "KanjiAppTests" */ = {
			isa = XCConfigurationList;
			buildConfigurations = (
				84287902196341B10060BDD1 /* Debug */,
				84287903196341B10060BDD1 /* Release */,
			);
			defaultConfigurationIsVisible = 0;
			defaultConfigurationName = Release;
		};
/* End XCConfigurationList section */

/* Begin XCVersionGroup section */
		842878E6196341B10060BDD1 /* KanjiApp.xcdatamodeld */ = {
			isa = XCVersionGroup;
			children = (
				842878E7196341B10060BDD1 /* KanjiApp.xcdatamodel */,
			);
			currentVersion = 842878E7196341B10060BDD1 /* KanjiApp.xcdatamodel */;
			path = KanjiApp.xcdatamodeld;
			sourceTree = "<group>";
			versionGroupType = wrapper.xcdatamodel;
		};
/* End XCVersionGroup section */
	};
	rootObject = 842878D7196341B10060BDD1 /* Project object */;
}
